// !$*UTF8*$!
{
	archiveVersion = 1;
	classes = {
	};
	objectVersion = 46;
	objects = {

/* Begin PBXBuildFile section */
		1D60589B0D05DD56006BFB54 /* main.m in Sources */ = {isa = PBXBuildFile; fileRef = 29B97316FDCFA39411CA2CEA /* main.m */; };
		1D60589F0D05DD5A006BFB54 /* Foundation.framework in Frameworks */ = {isa = PBXBuildFile; fileRef = 1D30AB110D05D00D00671497 /* Foundation.framework */; };
		1DF5F4E00D08C38300B7A737 /* UIKit.framework in Frameworks */ = {isa = PBXBuildFile; fileRef = 1DF5F4DF0D08C38300B7A737 /* UIKit.framework */; settings = {ATTRIBUTES = (Weak, ); }; };
		288765FD0DF74451002DB57D /* CoreGraphics.framework in Frameworks */ = {isa = PBXBuildFile; fileRef = 288765FC0DF74451002DB57D /* CoreGraphics.framework */; };
		3A006CE511F9880200534055 /* SBSettingsManager.m in Sources */ = {isa = PBXBuildFile; fileRef = 3A006CE411F9880200534055 /* SBSettingsManager.m */; };
		3A006DB911F99A1000534055 /* IASKAppSettingsViewController.m in Sources */ = {isa = PBXBuildFile; fileRef = 3A006D9C11F99A1000534055 /* IASKAppSettingsViewController.m */; };
		3A006DBA11F99A1000534055 /* IASKSpecifierValuesViewController.m in Sources */ = {isa = PBXBuildFile; fileRef = 3A006D9E11F99A1000534055 /* IASKSpecifierValuesViewController.m */; };
		3A006DBB11F99A1000534055 /* IASKSettingsReader.m in Sources */ = {isa = PBXBuildFile; fileRef = 3A006DA111F99A1000534055 /* IASKSettingsReader.m */; };
		3A006DBC11F99A1000534055 /* IASKSpecifier.m in Sources */ = {isa = PBXBuildFile; fileRef = 3A006DA311F99A1000534055 /* IASKSpecifier.m */; };
		3A006DBD11F99A1000534055 /* IASKPSSliderSpecifierViewCell.m in Sources */ = {isa = PBXBuildFile; fileRef = 3A006DA611F99A1000534055 /* IASKPSSliderSpecifierViewCell.m */; };
		3A006DBE11F99A1000534055 /* IASKPSTextFieldSpecifierViewCell.m in Sources */ = {isa = PBXBuildFile; fileRef = 3A006DA811F99A1000534055 /* IASKPSTextFieldSpecifierViewCell.m */; };
		3A006DBF11F99A1000534055 /* IASKPSTitleValueSpecifierViewCell.m in Sources */ = {isa = PBXBuildFile; fileRef = 3A006DAA11F99A1000534055 /* IASKPSTitleValueSpecifierViewCell.m */; };
		3A006DC011F99A1000534055 /* IASKPSToggleSwitchSpecifierViewCell.m in Sources */ = {isa = PBXBuildFile; fileRef = 3A006DAC11F99A1000534055 /* IASKPSToggleSwitchSpecifierViewCell.m */; };
		3A006DC111F99A1000534055 /* IASKSlider.m in Sources */ = {isa = PBXBuildFile; fileRef = 3A006DAE11F99A1000534055 /* IASKSlider.m */; };
		3A006DC211F99A1000534055 /* IASKSwitch.m in Sources */ = {isa = PBXBuildFile; fileRef = 3A006DB011F99A1000534055 /* IASKSwitch.m */; };
		3A006DC311F99A1000534055 /* IASKTextField.m in Sources */ = {isa = PBXBuildFile; fileRef = 3A006DB211F99A1000534055 /* IASKTextField.m */; };
		3A006DC411F99A1000534055 /* IASKAppSettingsView.xib in Resources */ = {isa = PBXBuildFile; fileRef = 3A006DB411F99A1000534055 /* IASKAppSettingsView.xib */; };
		3A006DC511F99A1000534055 /* IASKPSSliderSpecifierViewCell.xib in Resources */ = {isa = PBXBuildFile; fileRef = 3A006DB511F99A1000534055 /* IASKPSSliderSpecifierViewCell.xib */; };
		3A006DC611F99A1000534055 /* IASKPSTextFieldSpecifierViewCell.xib in Resources */ = {isa = PBXBuildFile; fileRef = 3A006DB611F99A1000534055 /* IASKPSTextFieldSpecifierViewCell.xib */; };
		3A006DC711F99A1000534055 /* IASKPSToggleSwitchSpecifierViewCell.xib in Resources */ = {isa = PBXBuildFile; fileRef = 3A006DB711F99A1000534055 /* IASKPSToggleSwitchSpecifierViewCell.xib */; };
		3A006DC811F99A1000534055 /* IASKSpecifierValuesView.xib in Resources */ = {isa = PBXBuildFile; fileRef = 3A006DB811F99A1000534055 /* IASKSpecifierValuesView.xib */; };
		3A006DE411F99DC000534055 /* MobileCoreServices.framework in Frameworks */ = {isa = PBXBuildFile; fileRef = 3A006DE311F99DC000534055 /* MobileCoreServices.framework */; settings = {ATTRIBUTES = (Weak, ); }; };
		3A0B525B11146D87005A26FD /* SBNewTaskController.m in Sources */ = {isa = PBXBuildFile; fileRef = 3A0B525A11146D87005A26FD /* SBNewTaskController.m */; };
		3A1104A3111DEF4500729EB6 /* DemoLogins.plist in Resources */ = {isa = PBXBuildFile; fileRef = 3A1104A2111DEF4500729EB6 /* DemoLogins.plist */; };
		3A1F518F1122029C0081580E /* Localizable.strings in Resources */ = {isa = PBXBuildFile; fileRef = 3A1F518D1122029C0081580E /* Localizable.strings */; };
		3A23F554142892F900894EA2 /* SBNetworkManager.m in Sources */ = {isa = PBXBuildFile; fileRef = 3A23F553142892F900894EA2 /* SBNetworkManager.m */; };
		3A23F5581428934200894EA2 /* SBBaseRequest.m in Sources */ = {isa = PBXBuildFile; fileRef = 3A23F5571428934200894EA2 /* SBBaseRequest.m */; };
		3A23F55B1428948B00894EA2 /* SBLoginRequest.m in Sources */ = {isa = PBXBuildFile; fileRef = 3A23F55A1428948B00894EA2 /* SBLoginRequest.m */; };
		3A23F55F1428988A00894EA2 /* SBListRequest.m in Sources */ = {isa = PBXBuildFile; fileRef = 3A23F55E1428988A00894EA2 /* SBListRequest.m */; };
		3A23F562142899E300894EA2 /* SBSearchRequest.m in Sources */ = {isa = PBXBuildFile; fileRef = 3A23F561142899E200894EA2 /* SBSearchRequest.m */; };
		3A23F56514289B4400894EA2 /* SBNotifications.m in Sources */ = {isa = PBXBuildFile; fileRef = 3A23F56414289B4300894EA2 /* SBNotifications.m */; };
		3A23F56814289FCC00894EA2 /* SBCommentsRequest.m in Sources */ = {isa = PBXBuildFile; fileRef = 3A23F56714289FCB00894EA2 /* SBCommentsRequest.m */; };
		3A23F56B1428A33700894EA2 /* SBTasksRequest.m in Sources */ = {isa = PBXBuildFile; fileRef = 3A23F56A1428A33600894EA2 /* SBTasksRequest.m */; };
		3A23F56E1428A6A100894EA2 /* SBPostCommentRequest.m in Sources */ = {isa = PBXBuildFile; fileRef = 3A23F56D1428A6A000894EA2 /* SBPostCommentRequest.m */; };
		3A23F5711428A8B900894EA2 /* SBMarkTaskAsDoneRequest.m in Sources */ = {isa = PBXBuildFile; fileRef = 3A23F5701428A8B700894EA2 /* SBMarkTaskAsDoneRequest.m */; };
		3A23F5741428A9E700894EA2 /* SBCreateTaskRequest.m in Sources */ = {isa = PBXBuildFile; fileRef = 3A23F5731428A9E500894EA2 /* SBCreateTaskRequest.m */; };
		3A23F57B1428AEEA00894EA2 /* SBBaseFormDataRequest.m in Sources */ = {isa = PBXBuildFile; fileRef = 3A23F57A1428AEE700894EA2 /* SBBaseFormDataRequest.m */; };
		3A23F57E1428AF9600894EA2 /* ASIHTTPRequest+Senbei.m in Sources */ = {isa = PBXBuildFile; fileRef = 3A23F57D1428AF9500894EA2 /* ASIHTTPRequest+Senbei.m */; };
		3A29C08A11075E2B00D887F1 /* SBCommentsController.m in Sources */ = {isa = PBXBuildFile; fileRef = 3A29C08911075E2B00D887F1 /* SBCommentsController.m */; };
		3A29C08E11075E6100D887F1 /* SBCompanyAccount.m in Sources */ = {isa = PBXBuildFile; fileRef = 3A29C08D11075E6100D887F1 /* SBCompanyAccount.m */; };
		3A29C0931107600500D887F1 /* SBBaseEntity.m in Sources */ = {isa = PBXBuildFile; fileRef = 3A29C0921107600500D887F1 /* SBBaseEntity.m */; };
		3A29C2BB11078D9500D887F1 /* Settings.bundle in Resources */ = {isa = PBXBuildFile; fileRef = 3A29C2BA11078D9500D887F1 /* Settings.bundle */; };
		3A29C3381107922300D887F1 /* SBSettingsController.m in Sources */ = {isa = PBXBuildFile; fileRef = 3A29C3371107922300D887F1 /* SBSettingsController.m */; };
		3A29C3FE1107A34E00D887F1 /* SBTasksController.m in Sources */ = {isa = PBXBuildFile; fileRef = 3A29C3FD1107A34E00D887F1 /* SBTasksController.m */; };
		3A29C4531107A8A300D887F1 /* SBOpportunity.m in Sources */ = {isa = PBXBuildFile; fileRef = 3A29C4521107A8A300D887F1 /* SBOpportunity.m */; };
		3A29C4E91107B3BF00D887F1 /* SBContact.m in Sources */ = {isa = PBXBuildFile; fileRef = 3A29C4E81107B3BF00D887F1 /* SBContact.m */; };
		3A2B965E11088AC1000373A5 /* SBCampaign.m in Sources */ = {isa = PBXBuildFile; fileRef = 3A2B965D11088AC1000373A5 /* SBCampaign.m */; };
		3A2B966211088C26000373A5 /* SBLead.m in Sources */ = {isa = PBXBuildFile; fileRef = 3A2B966111088C26000373A5 /* SBLead.m */; };
		3A2B966711088C3D000373A5 /* SBTask.m in Sources */ = {isa = PBXBuildFile; fileRef = 3A2B966611088C3D000373A5 /* SBTask.m */; };
		3A3E6A2B1121C6F700F3D322 /* NSDate+Senbei.m in Sources */ = {isa = PBXBuildFile; fileRef = 3A3E6A2A1121C6F700F3D322 /* NSDate+Senbei.m */; };
		3A3E6A2E1121C73300F3D322 /* SBAppDelegate.m in Sources */ = {isa = PBXBuildFile; fileRef = 3A3E6A2D1121C73300F3D322 /* SBAppDelegate.m */; };
		3A564E851147E1FE009A7435 /* TaskBuckets.plist in Resources */ = {isa = PBXBuildFile; fileRef = 3A564E841147E1FE009A7435 /* TaskBuckets.plist */; };
		3A564E871147E208009A7435 /* TaskCategories.plist in Resources */ = {isa = PBXBuildFile; fileRef = 3A564E861147E208009A7435 /* TaskCategories.plist */; };
		3A5C5402115781D500620375 /* NSDataAdditions.m in Sources */ = {isa = PBXBuildFile; fileRef = 3A5C53FF115781D500620375 /* NSDataAdditions.m */; };
		3A5C5403115781D500620375 /* TBXML.m in Sources */ = {isa = PBXBuildFile; fileRef = 3A5C5401115781D500620375 /* TBXML.m */; };
		3A5C54B51157A61500620375 /* GTMNSString+HTML.m in Sources */ = {isa = PBXBuildFile; fileRef = 3A5C54B41157A61500620375 /* GTMNSString+HTML.m */; };
		3A6C627A1119EA07000DD23B /* SBWebBrowserController.m in Sources */ = {isa = PBXBuildFile; fileRef = 3A6C62781119EA07000DD23B /* SBWebBrowserController.m */; };
		3A6C627E1119EA29000DD23B /* SBWebBrowserController.xib in Resources */ = {isa = PBXBuildFile; fileRef = 3A6C627C1119EA29000DD23B /* SBWebBrowserController.xib */; };
		3A6D8D0611064C8F0089F21D /* ASIAuthenticationDialog.m in Sources */ = {isa = PBXBuildFile; fileRef = 3A6D8CF011064C8F0089F21D /* ASIAuthenticationDialog.m */; };
		3A6D8D0711064C8F0089F21D /* ASIFormDataRequest.m in Sources */ = {isa = PBXBuildFile; fileRef = 3A6D8CF211064C8F0089F21D /* ASIFormDataRequest.m */; };
		3A6D8D0811064C8F0089F21D /* ASIHTTPRequest.m in Sources */ = {isa = PBXBuildFile; fileRef = 3A6D8CF411064C8F0089F21D /* ASIHTTPRequest.m */; };
		3A6D8D0911064C8F0089F21D /* ASIInputStream.m in Sources */ = {isa = PBXBuildFile; fileRef = 3A6D8CF611064C8F0089F21D /* ASIInputStream.m */; };
		3A6D8D0A11064C8F0089F21D /* ASINetworkQueue.m in Sources */ = {isa = PBXBuildFile; fileRef = 3A6D8CF811064C8F0089F21D /* ASINetworkQueue.m */; };
		3A6D8D0B11064C8F0089F21D /* ASINSStringAdditions.m in Sources */ = {isa = PBXBuildFile; fileRef = 3A6D8CFA11064C8F0089F21D /* ASINSStringAdditions.m */; };
		3A6D8D0F11064C8F0089F21D /* Reachability.m in Sources */ = {isa = PBXBuildFile; fileRef = 3A6D8D0311064C8F0089F21D /* Reachability.m */; };
		3A6D8D1B11064CD80089F21D /* AKOImageCache.m in Sources */ = {isa = PBXBuildFile; fileRef = 3A6D8D1211064CD80089F21D /* AKOImageCache.m */; };
		3A6D8D1C11064CD80089F21D /* UIImage+AKOLoadingExtension.m in Sources */ = {isa = PBXBuildFile; fileRef = 3A6D8D1411064CD80089F21D /* UIImage+AKOLoadingExtension.m */; };
		3A6D8D1D11064CD80089F21D /* AKOImageView.m in Sources */ = {isa = PBXBuildFile; fileRef = 3A6D8D1711064CD80089F21D /* AKOImageView.m */; };
		3A6D8D1E11064CD80089F21D /* NSURL+AKOCacheKey.m in Sources */ = {isa = PBXBuildFile; fileRef = 3A6D8D1A11064CD80089F21D /* NSURL+AKOCacheKey.m */; };
		3A6D8D2211064D060089F21D /* CFNetwork.framework in Frameworks */ = {isa = PBXBuildFile; fileRef = 3A6D8D2111064D060089F21D /* CFNetwork.framework */; };
		3A6D8D2411064D060089F21D /* SystemConfiguration.framework in Frameworks */ = {isa = PBXBuildFile; fileRef = 3A6D8D2311064D060089F21D /* SystemConfiguration.framework */; };
		3A6D8D2611064D060089F21D /* libz.1.2.3.dylib in Frameworks */ = {isa = PBXBuildFile; fileRef = 3A6D8D2511064D060089F21D /* libz.1.2.3.dylib */; };
		3A6D8D3A11064DF20089F21D /* SBListController.m in Sources */ = {isa = PBXBuildFile; fileRef = 3A6D8D3911064DF20089F21D /* SBListController.m */; };
		3A6D8D4411064E880089F21D /* MainWindow.xib in Resources */ = {isa = PBXBuildFile; fileRef = 3A6D8D4311064E880089F21D /* MainWindow.xib */; };
		3A708B431108427500CB2D83 /* SBComment.m in Sources */ = {isa = PBXBuildFile; fileRef = 3A708B421108427500CB2D83 /* SBComment.m */; };
		3A8C38811119D8E1006669BE /* AddressBook.framework in Frameworks */ = {isa = PBXBuildFile; fileRef = 3A8C38801119D8E1006669BE /* AddressBook.framework */; };
		3A8C38831119D8E1006669BE /* AddressBookUI.framework in Frameworks */ = {isa = PBXBuildFile; fileRef = 3A8C38821119D8E1006669BE /* AddressBookUI.framework */; };
		3A92BDDC112FDB6F001B43FE /* SBRootController.m in Sources */ = {isa = PBXBuildFile; fileRef = 3A92BDDB112FDB6F001B43FE /* SBRootController.m */; };
		3A9565BF1119E439003BF4D6 /* MessageUI.framework in Frameworks */ = {isa = PBXBuildFile; fileRef = 3A9565BE1119E439003BF4D6 /* MessageUI.framework */; };
		3AB721FB11085642001F861D /* AKOEditorrific.m in Sources */ = {isa = PBXBuildFile; fileRef = 3AB721F911085642001F861D /* AKOEditorrific.m */; };
		3AB7220111085699001F861D /* ako-editorrific-bar.png in Resources */ = {isa = PBXBuildFile; fileRef = 3AB7220011085699001F861D /* ako-editorrific-bar.png */; };
		3AB7231A110868BB001F861D /* SBUser.m in Sources */ = {isa = PBXBuildFile; fileRef = 3AB72319110868BB001F861D /* SBUser.m */; };
		3AB7231F1108695A001F861D /* Icon.png in Resources */ = {isa = PBXBuildFile; fileRef = 3AB7231E1108695A001F861D /* Icon.png */; };
		3AB723A511087569001F861D /* Default.png in Resources */ = {isa = PBXBuildFile; fileRef = 3AB723A411087569001F861D /* Default.png */; };
		3AB723D511087A80001F861D /* accounts.png in Resources */ = {isa = PBXBuildFile; fileRef = 3AB723CE11087A80001F861D /* accounts.png */; };
		3AB723D611087A80001F861D /* campaigns.png in Resources */ = {isa = PBXBuildFile; fileRef = 3AB723CF11087A80001F861D /* campaigns.png */; };
		3AB723D711087A80001F861D /* contacts.png in Resources */ = {isa = PBXBuildFile; fileRef = 3AB723D011087A80001F861D /* contacts.png */; };
		3AB723D811087A80001F861D /* leads.png in Resources */ = {isa = PBXBuildFile; fileRef = 3AB723D111087A80001F861D /* leads.png */; };
		3AB723D911087A80001F861D /* opportunities.png in Resources */ = {isa = PBXBuildFile; fileRef = 3AB723D211087A80001F861D /* opportunities.png */; };
		3AB723DA11087A80001F861D /* settings.png in Resources */ = {isa = PBXBuildFile; fileRef = 3AB723D311087A80001F861D /* settings.png */; };
		3AB723DB11087A80001F861D /* tasks.png in Resources */ = {isa = PBXBuildFile; fileRef = 3AB723D411087A80001F861D /* tasks.png */; };
		3ACED3FD1428700C003C65B1 /* Entitlements.entitlements in Resources */ = {isa = PBXBuildFile; fileRef = 3ACED3FC1428700C003C65B1 /* Entitlements.entitlements */; };
		3AE1CC3A112941C500F50018 /* SBListTableViewCell.m in Sources */ = {isa = PBXBuildFile; fileRef = 3AE1CC39112941C500F50018 /* SBListTableViewCell.m */; };
		3AE1CCF011294F5500F50018 /* NSString+Senbei.m in Sources */ = {isa = PBXBuildFile; fileRef = 3AE1CCEF11294F5500F50018 /* NSString+Senbei.m */; };
/* End PBXBuildFile section */

/* Begin PBXFileReference section */
		1D30AB110D05D00D00671497 /* Foundation.framework */ = {isa = PBXFileReference; lastKnownFileType = wrapper.framework; name = Foundation.framework; path = System/Library/Frameworks/Foundation.framework; sourceTree = SDKROOT; };
		1D6058910D05DD3D006BFB54 /* Senbei.app */ = {isa = PBXFileReference; explicitFileType = wrapper.application; includeInIndex = 0; path = Senbei.app; sourceTree = BUILT_PRODUCTS_DIR; };
		1DF5F4DF0D08C38300B7A737 /* UIKit.framework */ = {isa = PBXFileReference; lastKnownFileType = wrapper.framework; name = UIKit.framework; path = System/Library/Frameworks/UIKit.framework; sourceTree = SDKROOT; };
		288765FC0DF74451002DB57D /* CoreGraphics.framework */ = {isa = PBXFileReference; lastKnownFileType = wrapper.framework; name = CoreGraphics.framework; path = System/Library/Frameworks/CoreGraphics.framework; sourceTree = SDKROOT; };
		29B97316FDCFA39411CA2CEA /* main.m */ = {isa = PBXFileReference; fileEncoding = 4; lastKnownFileType = sourcecode.c.objc; path = main.m; sourceTree = "<group>"; };
		3A006CE311F9880200534055 /* SBSettingsManager.h */ = {isa = PBXFileReference; fileEncoding = 4; lastKnownFileType = sourcecode.c.h; path = SBSettingsManager.h; sourceTree = "<group>"; };
		3A006CE411F9880200534055 /* SBSettingsManager.m */ = {isa = PBXFileReference; fileEncoding = 4; lastKnownFileType = sourcecode.c.objc; path = SBSettingsManager.m; sourceTree = "<group>"; };
		3A006D9B11F99A1000534055 /* IASKAppSettingsViewController.h */ = {isa = PBXFileReference; fileEncoding = 4; lastKnownFileType = sourcecode.c.h; path = IASKAppSettingsViewController.h; sourceTree = "<group>"; };
		3A006D9C11F99A1000534055 /* IASKAppSettingsViewController.m */ = {isa = PBXFileReference; fileEncoding = 4; lastKnownFileType = sourcecode.c.objc; path = IASKAppSettingsViewController.m; sourceTree = "<group>"; };
		3A006D9D11F99A1000534055 /* IASKSpecifierValuesViewController.h */ = {isa = PBXFileReference; fileEncoding = 4; lastKnownFileType = sourcecode.c.h; path = IASKSpecifierValuesViewController.h; sourceTree = "<group>"; };
		3A006D9E11F99A1000534055 /* IASKSpecifierValuesViewController.m */ = {isa = PBXFileReference; fileEncoding = 4; lastKnownFileType = sourcecode.c.objc; path = IASKSpecifierValuesViewController.m; sourceTree = "<group>"; };
		3A006DA011F99A1000534055 /* IASKSettingsReader.h */ = {isa = PBXFileReference; fileEncoding = 4; lastKnownFileType = sourcecode.c.h; path = IASKSettingsReader.h; sourceTree = "<group>"; };
		3A006DA111F99A1000534055 /* IASKSettingsReader.m */ = {isa = PBXFileReference; fileEncoding = 4; lastKnownFileType = sourcecode.c.objc; path = IASKSettingsReader.m; sourceTree = "<group>"; };
		3A006DA211F99A1000534055 /* IASKSpecifier.h */ = {isa = PBXFileReference; fileEncoding = 4; lastKnownFileType = sourcecode.c.h; path = IASKSpecifier.h; sourceTree = "<group>"; };
		3A006DA311F99A1000534055 /* IASKSpecifier.m */ = {isa = PBXFileReference; fileEncoding = 4; lastKnownFileType = sourcecode.c.objc; path = IASKSpecifier.m; sourceTree = "<group>"; };
		3A006DA511F99A1000534055 /* IASKPSSliderSpecifierViewCell.h */ = {isa = PBXFileReference; fileEncoding = 4; lastKnownFileType = sourcecode.c.h; path = IASKPSSliderSpecifierViewCell.h; sourceTree = "<group>"; };
		3A006DA611F99A1000534055 /* IASKPSSliderSpecifierViewCell.m */ = {isa = PBXFileReference; fileEncoding = 4; lastKnownFileType = sourcecode.c.objc; path = IASKPSSliderSpecifierViewCell.m; sourceTree = "<group>"; };
		3A006DA711F99A1000534055 /* IASKPSTextFieldSpecifierViewCell.h */ = {isa = PBXFileReference; fileEncoding = 4; lastKnownFileType = sourcecode.c.h; path = IASKPSTextFieldSpecifierViewCell.h; sourceTree = "<group>"; };
		3A006DA811F99A1000534055 /* IASKPSTextFieldSpecifierViewCell.m */ = {isa = PBXFileReference; fileEncoding = 4; lastKnownFileType = sourcecode.c.objc; path = IASKPSTextFieldSpecifierViewCell.m; sourceTree = "<group>"; };
		3A006DA911F99A1000534055 /* IASKPSTitleValueSpecifierViewCell.h */ = {isa = PBXFileReference; fileEncoding = 4; lastKnownFileType = sourcecode.c.h; path = IASKPSTitleValueSpecifierViewCell.h; sourceTree = "<group>"; };
		3A006DAA11F99A1000534055 /* IASKPSTitleValueSpecifierViewCell.m */ = {isa = PBXFileReference; fileEncoding = 4; lastKnownFileType = sourcecode.c.objc; path = IASKPSTitleValueSpecifierViewCell.m; sourceTree = "<group>"; };
		3A006DAB11F99A1000534055 /* IASKPSToggleSwitchSpecifierViewCell.h */ = {isa = PBXFileReference; fileEncoding = 4; lastKnownFileType = sourcecode.c.h; path = IASKPSToggleSwitchSpecifierViewCell.h; sourceTree = "<group>"; };
		3A006DAC11F99A1000534055 /* IASKPSToggleSwitchSpecifierViewCell.m */ = {isa = PBXFileReference; fileEncoding = 4; lastKnownFileType = sourcecode.c.objc; path = IASKPSToggleSwitchSpecifierViewCell.m; sourceTree = "<group>"; };
		3A006DAD11F99A1000534055 /* IASKSlider.h */ = {isa = PBXFileReference; fileEncoding = 4; lastKnownFileType = sourcecode.c.h; path = IASKSlider.h; sourceTree = "<group>"; };
		3A006DAE11F99A1000534055 /* IASKSlider.m */ = {isa = PBXFileReference; fileEncoding = 4; lastKnownFileType = sourcecode.c.objc; path = IASKSlider.m; sourceTree = "<group>"; };
		3A006DAF11F99A1000534055 /* IASKSwitch.h */ = {isa = PBXFileReference; fileEncoding = 4; lastKnownFileType = sourcecode.c.h; path = IASKSwitch.h; sourceTree = "<group>"; };
		3A006DB011F99A1000534055 /* IASKSwitch.m */ = {isa = PBXFileReference; fileEncoding = 4; lastKnownFileType = sourcecode.c.objc; path = IASKSwitch.m; sourceTree = "<group>"; };
		3A006DB111F99A1000534055 /* IASKTextField.h */ = {isa = PBXFileReference; fileEncoding = 4; lastKnownFileType = sourcecode.c.h; path = IASKTextField.h; sourceTree = "<group>"; };
		3A006DB211F99A1000534055 /* IASKTextField.m */ = {isa = PBXFileReference; fileEncoding = 4; lastKnownFileType = sourcecode.c.objc; path = IASKTextField.m; sourceTree = "<group>"; };
		3A006DB411F99A1000534055 /* IASKAppSettingsView.xib */ = {isa = PBXFileReference; lastKnownFileType = file.xib; path = IASKAppSettingsView.xib; sourceTree = "<group>"; };
		3A006DB511F99A1000534055 /* IASKPSSliderSpecifierViewCell.xib */ = {isa = PBXFileReference; lastKnownFileType = file.xib; path = IASKPSSliderSpecifierViewCell.xib; sourceTree = "<group>"; };
		3A006DB611F99A1000534055 /* IASKPSTextFieldSpecifierViewCell.xib */ = {isa = PBXFileReference; lastKnownFileType = file.xib; path = IASKPSTextFieldSpecifierViewCell.xib; sourceTree = "<group>"; };
		3A006DB711F99A1000534055 /* IASKPSToggleSwitchSpecifierViewCell.xib */ = {isa = PBXFileReference; lastKnownFileType = file.xib; path = IASKPSToggleSwitchSpecifierViewCell.xib; sourceTree = "<group>"; };
		3A006DB811F99A1000534055 /* IASKSpecifierValuesView.xib */ = {isa = PBXFileReference; lastKnownFileType = file.xib; path = IASKSpecifierValuesView.xib; sourceTree = "<group>"; };
		3A006DCF11F99D3A00534055 /* ASIHTTPRequestConfig.h */ = {isa = PBXFileReference; fileEncoding = 4; lastKnownFileType = sourcecode.c.h; path = ASIHTTPRequestConfig.h; sourceTree = "<group>"; };
		3A006DD211F99D4900534055 /* ASIHTTPRequestDelegate.h */ = {isa = PBXFileReference; fileEncoding = 4; lastKnownFileType = sourcecode.c.h; path = ASIHTTPRequestDelegate.h; sourceTree = "<group>"; };
		3A006DD511F99D5100534055 /* ASIProgressDelegate.h */ = {isa = PBXFileReference; fileEncoding = 4; lastKnownFileType = sourcecode.c.h; path = ASIProgressDelegate.h; sourceTree = "<group>"; };
		3A006DD811F99D5D00534055 /* ASICacheDelegate.h */ = {isa = PBXFileReference; fileEncoding = 4; lastKnownFileType = sourcecode.c.h; path = ASICacheDelegate.h; sourceTree = "<group>"; };
		3A006DE311F99DC000534055 /* MobileCoreServices.framework */ = {isa = PBXFileReference; lastKnownFileType = wrapper.framework; name = MobileCoreServices.framework; path = System/Library/Frameworks/MobileCoreServices.framework; sourceTree = SDKROOT; };
		3A0B525911146D87005A26FD /* SBNewTaskController.h */ = {isa = PBXFileReference; fileEncoding = 4; lastKnownFileType = sourcecode.c.h; path = SBNewTaskController.h; sourceTree = "<group>"; };
		3A0B525A11146D87005A26FD /* SBNewTaskController.m */ = {isa = PBXFileReference; fileEncoding = 4; lastKnownFileType = sourcecode.c.objc; path = SBNewTaskController.m; sourceTree = "<group>"; };
		3A0B52FC11147B99005A26FD /* English */ = {isa = PBXFileReference; fileEncoding = 4; lastKnownFileType = text.plist.xml; name = English; path = English.lproj/TaskCategories.plist; sourceTree = "<group>"; };
		3A0B531D11147EEC005A26FD /* English */ = {isa = PBXFileReference; fileEncoding = 4; lastKnownFileType = text.plist.xml; name = English; path = English.lproj/TaskBuckets.plist; sourceTree = "<group>"; };
		3A1104A2111DEF4500729EB6 /* DemoLogins.plist */ = {isa = PBXFileReference; fileEncoding = 4; lastKnownFileType = text.plist.xml; path = DemoLogins.plist; sourceTree = "<group>"; };
		3A1F518E1122029C0081580E /* English */ = {isa = PBXFileReference; fileEncoding = 4; lastKnownFileType = text.plist.strings; name = English; path = English.lproj/Localizable.strings; sourceTree = "<group>"; };
		3A23F54F1428813E00894EA2 /* SBModels.h */ = {isa = PBXFileReference; fileEncoding = 4; lastKnownFileType = sourcecode.c.h; path = SBModels.h; sourceTree = "<group>"; };
		3A23F5501428896800894EA2 /* SBExternals.h */ = {isa = PBXFileReference; fileEncoding = 4; lastKnownFileType = sourcecode.c.h; path = SBExternals.h; sourceTree = "<group>"; };
		3A23F552142892F900894EA2 /* SBNetworkManager.h */ = {isa = PBXFileReference; fileEncoding = 4; lastKnownFileType = sourcecode.c.h; path = SBNetworkManager.h; sourceTree = "<group>"; };
		3A23F553142892F900894EA2 /* SBNetworkManager.m */ = {isa = PBXFileReference; fileEncoding = 4; lastKnownFileType = sourcecode.c.objc; path = SBNetworkManager.m; sourceTree = "<group>"; };
		3A23F5561428934200894EA2 /* SBBaseRequest.h */ = {isa = PBXFileReference; fileEncoding = 4; lastKnownFileType = sourcecode.c.h; path = SBBaseRequest.h; sourceTree = "<group>"; };
		3A23F5571428934200894EA2 /* SBBaseRequest.m */ = {isa = PBXFileReference; fileEncoding = 4; lastKnownFileType = sourcecode.c.objc; path = SBBaseRequest.m; sourceTree = "<group>"; };
		3A23F5591428948B00894EA2 /* SBLoginRequest.h */ = {isa = PBXFileReference; fileEncoding = 4; lastKnownFileType = sourcecode.c.h; path = SBLoginRequest.h; sourceTree = "<group>"; };
		3A23F55A1428948B00894EA2 /* SBLoginRequest.m */ = {isa = PBXFileReference; fileEncoding = 4; lastKnownFileType = sourcecode.c.objc; path = SBLoginRequest.m; sourceTree = "<group>"; };
		3A23F55C142894E600894EA2 /* SBRequests.h */ = {isa = PBXFileReference; fileEncoding = 4; lastKnownFileType = sourcecode.c.h; path = SBRequests.h; sourceTree = "<group>"; };
		3A23F55D1428988900894EA2 /* SBListRequest.h */ = {isa = PBXFileReference; fileEncoding = 4; lastKnownFileType = sourcecode.c.h; path = SBListRequest.h; sourceTree = "<group>"; };
		3A23F55E1428988A00894EA2 /* SBListRequest.m */ = {isa = PBXFileReference; fileEncoding = 4; lastKnownFileType = sourcecode.c.objc; path = SBListRequest.m; sourceTree = "<group>"; };
		3A23F560142899E200894EA2 /* SBSearchRequest.h */ = {isa = PBXFileReference; fileEncoding = 4; lastKnownFileType = sourcecode.c.h; path = SBSearchRequest.h; sourceTree = "<group>"; };
		3A23F561142899E200894EA2 /* SBSearchRequest.m */ = {isa = PBXFileReference; fileEncoding = 4; lastKnownFileType = sourcecode.c.objc; path = SBSearchRequest.m; sourceTree = "<group>"; };
		3A23F56314289B4300894EA2 /* SBNotifications.h */ = {isa = PBXFileReference; fileEncoding = 4; lastKnownFileType = sourcecode.c.h; path = SBNotifications.h; sourceTree = "<group>"; };
		3A23F56414289B4300894EA2 /* SBNotifications.m */ = {isa = PBXFileReference; fileEncoding = 4; lastKnownFileType = sourcecode.c.objc; path = SBNotifications.m; sourceTree = "<group>"; };
		3A23F56614289FCB00894EA2 /* SBCommentsRequest.h */ = {isa = PBXFileReference; fileEncoding = 4; lastKnownFileType = sourcecode.c.h; path = SBCommentsRequest.h; sourceTree = "<group>"; };
		3A23F56714289FCB00894EA2 /* SBCommentsRequest.m */ = {isa = PBXFileReference; fileEncoding = 4; lastKnownFileType = sourcecode.c.objc; path = SBCommentsRequest.m; sourceTree = "<group>"; };
		3A23F5691428A33500894EA2 /* SBTasksRequest.h */ = {isa = PBXFileReference; fileEncoding = 4; lastKnownFileType = sourcecode.c.h; path = SBTasksRequest.h; sourceTree = "<group>"; };
		3A23F56A1428A33600894EA2 /* SBTasksRequest.m */ = {isa = PBXFileReference; fileEncoding = 4; lastKnownFileType = sourcecode.c.objc; path = SBTasksRequest.m; sourceTree = "<group>"; };
		3A23F56C1428A69F00894EA2 /* SBPostCommentRequest.h */ = {isa = PBXFileReference; fileEncoding = 4; lastKnownFileType = sourcecode.c.h; path = SBPostCommentRequest.h; sourceTree = "<group>"; };
		3A23F56D1428A6A000894EA2 /* SBPostCommentRequest.m */ = {isa = PBXFileReference; fileEncoding = 4; lastKnownFileType = sourcecode.c.objc; path = SBPostCommentRequest.m; sourceTree = "<group>"; };
		3A23F56F1428A8B700894EA2 /* SBMarkTaskAsDoneRequest.h */ = {isa = PBXFileReference; fileEncoding = 4; lastKnownFileType = sourcecode.c.h; path = SBMarkTaskAsDoneRequest.h; sourceTree = "<group>"; };
		3A23F5701428A8B700894EA2 /* SBMarkTaskAsDoneRequest.m */ = {isa = PBXFileReference; fileEncoding = 4; lastKnownFileType = sourcecode.c.objc; path = SBMarkTaskAsDoneRequest.m; sourceTree = "<group>"; };
		3A23F5721428A9E300894EA2 /* SBCreateTaskRequest.h */ = {isa = PBXFileReference; fileEncoding = 4; lastKnownFileType = sourcecode.c.h; path = SBCreateTaskRequest.h; sourceTree = "<group>"; };
		3A23F5731428A9E500894EA2 /* SBCreateTaskRequest.m */ = {isa = PBXFileReference; fileEncoding = 4; lastKnownFileType = sourcecode.c.objc; path = SBCreateTaskRequest.m; sourceTree = "<group>"; };
		3A23F5791428AEE600894EA2 /* SBBaseFormDataRequest.h */ = {isa = PBXFileReference; fileEncoding = 4; lastKnownFileType = sourcecode.c.h; path = SBBaseFormDataRequest.h; sourceTree = "<group>"; };
		3A23F57A1428AEE700894EA2 /* SBBaseFormDataRequest.m */ = {isa = PBXFileReference; fileEncoding = 4; lastKnownFileType = sourcecode.c.objc; path = SBBaseFormDataRequest.m; sourceTree = "<group>"; };
		3A23F57C1428AF9400894EA2 /* ASIHTTPRequest+Senbei.h */ = {isa = PBXFileReference; fileEncoding = 4; lastKnownFileType = sourcecode.c.h; path = "ASIHTTPRequest+Senbei.h"; sourceTree = "<group>"; };
		3A23F57D1428AF9500894EA2 /* ASIHTTPRequest+Senbei.m */ = {isa = PBXFileReference; fileEncoding = 4; lastKnownFileType = sourcecode.c.objc; path = "ASIHTTPRequest+Senbei.m"; sourceTree = "<group>"; };
		3A29C08811075E2B00D887F1 /* SBCommentsController.h */ = {isa = PBXFileReference; fileEncoding = 4; lastKnownFileType = sourcecode.c.h; path = SBCommentsController.h; sourceTree = "<group>"; };
		3A29C08911075E2B00D887F1 /* SBCommentsController.m */ = {isa = PBXFileReference; fileEncoding = 4; lastKnownFileType = sourcecode.c.objc; path = SBCommentsController.m; sourceTree = "<group>"; };
		3A29C08C11075E6100D887F1 /* SBCompanyAccount.h */ = {isa = PBXFileReference; fileEncoding = 4; lastKnownFileType = sourcecode.c.h; path = SBCompanyAccount.h; sourceTree = "<group>"; };
		3A29C08D11075E6100D887F1 /* SBCompanyAccount.m */ = {isa = PBXFileReference; fileEncoding = 4; lastKnownFileType = sourcecode.c.objc; path = SBCompanyAccount.m; sourceTree = "<group>"; };
		3A29C0911107600500D887F1 /* SBBaseEntity.h */ = {isa = PBXFileReference; fileEncoding = 4; lastKnownFileType = sourcecode.c.h; path = SBBaseEntity.h; sourceTree = "<group>"; };
		3A29C0921107600500D887F1 /* SBBaseEntity.m */ = {isa = PBXFileReference; fileEncoding = 4; lastKnownFileType = sourcecode.c.objc; path = SBBaseEntity.m; sourceTree = "<group>"; };
		3A29C2BA11078D9500D887F1 /* Settings.bundle */ = {isa = PBXFileReference; lastKnownFileType = "wrapper.plug-in"; path = Settings.bundle; sourceTree = "<group>"; };
		3A29C3361107922300D887F1 /* SBSettingsController.h */ = {isa = PBXFileReference; fileEncoding = 4; lastKnownFileType = sourcecode.c.h; path = SBSettingsController.h; sourceTree = "<group>"; };
		3A29C3371107922300D887F1 /* SBSettingsController.m */ = {isa = PBXFileReference; fileEncoding = 4; lastKnownFileType = sourcecode.c.objc; path = SBSettingsController.m; sourceTree = "<group>"; };
		3A29C35C110794BA00D887F1 /* SBListControllerDelegate.h */ = {isa = PBXFileReference; fileEncoding = 4; lastKnownFileType = sourcecode.c.h; path = SBListControllerDelegate.h; sourceTree = "<group>"; };
		3A29C3FC1107A34E00D887F1 /* SBTasksController.h */ = {isa = PBXFileReference; fileEncoding = 4; lastKnownFileType = sourcecode.c.h; path = SBTasksController.h; sourceTree = "<group>"; };
		3A29C3FD1107A34E00D887F1 /* SBTasksController.m */ = {isa = PBXFileReference; fileEncoding = 4; lastKnownFileType = sourcecode.c.objc; path = SBTasksController.m; sourceTree = "<group>"; };
		3A29C4511107A8A300D887F1 /* SBOpportunity.h */ = {isa = PBXFileReference; fileEncoding = 4; lastKnownFileType = sourcecode.c.h; path = SBOpportunity.h; sourceTree = "<group>"; };
		3A29C4521107A8A300D887F1 /* SBOpportunity.m */ = {isa = PBXFileReference; fileEncoding = 4; lastKnownFileType = sourcecode.c.objc; path = SBOpportunity.m; sourceTree = "<group>"; };
		3A29C4E71107B3BF00D887F1 /* SBContact.h */ = {isa = PBXFileReference; fileEncoding = 4; lastKnownFileType = sourcecode.c.h; path = SBContact.h; sourceTree = "<group>"; };
		3A29C4E81107B3BF00D887F1 /* SBContact.m */ = {isa = PBXFileReference; fileEncoding = 4; lastKnownFileType = sourcecode.c.objc; path = SBContact.m; sourceTree = "<group>"; };
		3A2B965C11088AC1000373A5 /* SBCampaign.h */ = {isa = PBXFileReference; fileEncoding = 4; lastKnownFileType = sourcecode.c.h; path = SBCampaign.h; sourceTree = "<group>"; };
		3A2B965D11088AC1000373A5 /* SBCampaign.m */ = {isa = PBXFileReference; fileEncoding = 4; lastKnownFileType = sourcecode.c.objc; path = SBCampaign.m; sourceTree = "<group>"; };
		3A2B966011088C26000373A5 /* SBLead.h */ = {isa = PBXFileReference; fileEncoding = 4; lastKnownFileType = sourcecode.c.h; path = SBLead.h; sourceTree = "<group>"; };
		3A2B966111088C26000373A5 /* SBLead.m */ = {isa = PBXFileReference; fileEncoding = 4; lastKnownFileType = sourcecode.c.objc; path = SBLead.m; sourceTree = "<group>"; };
		3A2B966511088C3D000373A5 /* SBTask.h */ = {isa = PBXFileReference; fileEncoding = 4; lastKnownFileType = sourcecode.c.h; path = SBTask.h; sourceTree = "<group>"; };
		3A2B966611088C3D000373A5 /* SBTask.m */ = {isa = PBXFileReference; fileEncoding = 4; lastKnownFileType = sourcecode.c.objc; path = SBTask.m; sourceTree = "<group>"; };
		3A3E6A291121C6F700F3D322 /* NSDate+Senbei.h */ = {isa = PBXFileReference; fileEncoding = 4; lastKnownFileType = sourcecode.c.h; path = "NSDate+Senbei.h"; sourceTree = "<group>"; };
		3A3E6A2A1121C6F700F3D322 /* NSDate+Senbei.m */ = {isa = PBXFileReference; fileEncoding = 4; lastKnownFileType = sourcecode.c.objc; path = "NSDate+Senbei.m"; sourceTree = "<group>"; };
		3A3E6A2C1121C73300F3D322 /* SBAppDelegate.h */ = {isa = PBXFileReference; fileEncoding = 4; lastKnownFileType = sourcecode.c.h; path = SBAppDelegate.h; sourceTree = "<group>"; };
		3A3E6A2D1121C73300F3D322 /* SBAppDelegate.m */ = {isa = PBXFileReference; fileEncoding = 4; lastKnownFileType = sourcecode.c.objc; path = SBAppDelegate.m; sourceTree = "<group>"; };
		3A45743011625D3D00EFFEA5 /* de */ = {isa = PBXFileReference; lastKnownFileType = text.plist.strings; name = de; path = de.lproj/Localizable.strings; sourceTree = "<group>"; };
		3A45743111625D8D00EFFEA5 /* de */ = {isa = PBXFileReference; lastKnownFileType = text.plist.xml; name = de; path = de.lproj/TaskBuckets.plist; sourceTree = "<group>"; };
		3A45743211625DA100EFFEA5 /* de */ = {isa = PBXFileReference; lastKnownFileType = text.plist.xml; name = de; path = de.lproj/TaskCategories.plist; sourceTree = "<group>"; };
		3A45743311625DF800EFFEA5 /* de */ = {isa = PBXFileReference; lastKnownFileType = file.xib; name = de; path = de.lproj/MainWindow.xib; sourceTree = "<group>"; };
		3A564E541147DDAA009A7435 /* es */ = {isa = PBXFileReference; lastKnownFileType = text.plist.strings; name = es; path = es.lproj/Localizable.strings; sourceTree = "<group>"; };
		3A564E551147DDAC009A7435 /* fr */ = {isa = PBXFileReference; lastKnownFileType = text.plist.strings; name = fr; path = fr.lproj/Localizable.strings; sourceTree = "<group>"; };
		3A564E561147DDB4009A7435 /* it */ = {isa = PBXFileReference; lastKnownFileType = text.plist.strings; name = it; path = it.lproj/Localizable.strings; sourceTree = "<group>"; };
		3A564E661147DFB4009A7435 /* es */ = {isa = PBXFileReference; lastKnownFileType = file.xib; name = es; path = es.lproj/MainWindow.xib; sourceTree = "<group>"; };
		3A5C53FE115781D500620375 /* NSDataAdditions.h */ = {isa = PBXFileReference; fileEncoding = 4; lastKnownFileType = sourcecode.c.h; path = NSDataAdditions.h; sourceTree = "<group>"; };
		3A5C53FF115781D500620375 /* NSDataAdditions.m */ = {isa = PBXFileReference; fileEncoding = 4; lastKnownFileType = sourcecode.c.objc; path = NSDataAdditions.m; sourceTree = "<group>"; };
		3A5C5400115781D500620375 /* TBXML.h */ = {isa = PBXFileReference; fileEncoding = 4; lastKnownFileType = sourcecode.c.h; path = TBXML.h; sourceTree = "<group>"; };
		3A5C5401115781D500620375 /* TBXML.m */ = {isa = PBXFileReference; fileEncoding = 4; lastKnownFileType = sourcecode.c.objc; path = TBXML.m; sourceTree = "<group>"; };
		3A5C54B21157A61500620375 /* GTMDefines.h */ = {isa = PBXFileReference; fileEncoding = 4; lastKnownFileType = sourcecode.c.h; path = GTMDefines.h; sourceTree = "<group>"; };
		3A5C54B31157A61500620375 /* GTMNSString+HTML.h */ = {isa = PBXFileReference; fileEncoding = 4; lastKnownFileType = sourcecode.c.h; path = "GTMNSString+HTML.h"; sourceTree = "<group>"; };
		3A5C54B41157A61500620375 /* GTMNSString+HTML.m */ = {isa = PBXFileReference; fileEncoding = 4; lastKnownFileType = sourcecode.c.objc; path = "GTMNSString+HTML.m"; sourceTree = "<group>"; };
		3A6C62771119EA07000DD23B /* SBWebBrowserController.h */ = {isa = PBXFileReference; fileEncoding = 4; lastKnownFileType = sourcecode.c.h; path = SBWebBrowserController.h; sourceTree = "<group>"; };
		3A6C62781119EA07000DD23B /* SBWebBrowserController.m */ = {isa = PBXFileReference; fileEncoding = 4; lastKnownFileType = sourcecode.c.objc; path = SBWebBrowserController.m; sourceTree = "<group>"; };
		3A6C627D1119EA29000DD23B /* English */ = {isa = PBXFileReference; lastKnownFileType = file.xib; name = English; path = English.lproj/SBWebBrowserController.xib; sourceTree = "<group>"; };
		3A6D8CDB11064A900089F21D /* English */ = {isa = PBXFileReference; lastKnownFileType = file.xib; name = English; path = English.lproj/MainWindow.xib; sourceTree = "<group>"; };
		3A6D8CE211064B420089F21D /* README.textile */ = {isa = PBXFileReference; fileEncoding = 4; lastKnownFileType = text; path = README.textile; sourceTree = "<group>"; };
		3A6D8CE311064B4B0089F21D /* LICENSE */ = {isa = PBXFileReference; fileEncoding = 4; lastKnownFileType = text; path = LICENSE; sourceTree = "<group>"; };
		3A6D8CEF11064C8E0089F21D /* ASIAuthenticationDialog.h */ = {isa = PBXFileReference; fileEncoding = 4; lastKnownFileType = sourcecode.c.h; path = ASIAuthenticationDialog.h; sourceTree = "<group>"; };
		3A6D8CF011064C8F0089F21D /* ASIAuthenticationDialog.m */ = {isa = PBXFileReference; fileEncoding = 4; lastKnownFileType = sourcecode.c.objc; path = ASIAuthenticationDialog.m; sourceTree = "<group>"; };
		3A6D8CF111064C8F0089F21D /* ASIFormDataRequest.h */ = {isa = PBXFileReference; fileEncoding = 4; lastKnownFileType = sourcecode.c.h; path = ASIFormDataRequest.h; sourceTree = "<group>"; };
		3A6D8CF211064C8F0089F21D /* ASIFormDataRequest.m */ = {isa = PBXFileReference; fileEncoding = 4; lastKnownFileType = sourcecode.c.objc; path = ASIFormDataRequest.m; sourceTree = "<group>"; };
		3A6D8CF311064C8F0089F21D /* ASIHTTPRequest.h */ = {isa = PBXFileReference; fileEncoding = 4; lastKnownFileType = sourcecode.c.h; path = ASIHTTPRequest.h; sourceTree = "<group>"; };
		3A6D8CF411064C8F0089F21D /* ASIHTTPRequest.m */ = {isa = PBXFileReference; fileEncoding = 4; lastKnownFileType = sourcecode.c.objc; path = ASIHTTPRequest.m; sourceTree = "<group>"; };
		3A6D8CF511064C8F0089F21D /* ASIInputStream.h */ = {isa = PBXFileReference; fileEncoding = 4; lastKnownFileType = sourcecode.c.h; path = ASIInputStream.h; sourceTree = "<group>"; };
		3A6D8CF611064C8F0089F21D /* ASIInputStream.m */ = {isa = PBXFileReference; fileEncoding = 4; lastKnownFileType = sourcecode.c.objc; path = ASIInputStream.m; sourceTree = "<group>"; };
		3A6D8CF711064C8F0089F21D /* ASINetworkQueue.h */ = {isa = PBXFileReference; fileEncoding = 4; lastKnownFileType = sourcecode.c.h; path = ASINetworkQueue.h; sourceTree = "<group>"; };
		3A6D8CF811064C8F0089F21D /* ASINetworkQueue.m */ = {isa = PBXFileReference; fileEncoding = 4; lastKnownFileType = sourcecode.c.objc; path = ASINetworkQueue.m; sourceTree = "<group>"; };
		3A6D8CF911064C8F0089F21D /* ASINSStringAdditions.h */ = {isa = PBXFileReference; fileEncoding = 4; lastKnownFileType = sourcecode.c.h; path = ASINSStringAdditions.h; sourceTree = "<group>"; };
		3A6D8CFA11064C8F0089F21D /* ASINSStringAdditions.m */ = {isa = PBXFileReference; fileEncoding = 4; lastKnownFileType = sourcecode.c.objc; path = ASINSStringAdditions.m; sourceTree = "<group>"; };
		3A6D8D0211064C8F0089F21D /* Reachability.h */ = {isa = PBXFileReference; fileEncoding = 4; lastKnownFileType = sourcecode.c.h; path = Reachability.h; sourceTree = "<group>"; };
		3A6D8D0311064C8F0089F21D /* Reachability.m */ = {isa = PBXFileReference; fileEncoding = 4; lastKnownFileType = sourcecode.c.objc; path = Reachability.m; sourceTree = "<group>"; };
		3A6D8D0511064C8F0089F21D /* SynthesizeSingleton.h */ = {isa = PBXFileReference; fileEncoding = 4; lastKnownFileType = sourcecode.c.h; path = SynthesizeSingleton.h; sourceTree = "<group>"; };
		3A6D8D1111064CD80089F21D /* AKOImageCache.h */ = {isa = PBXFileReference; fileEncoding = 4; lastKnownFileType = sourcecode.c.h; path = AKOImageCache.h; sourceTree = "<group>"; };
		3A6D8D1211064CD80089F21D /* AKOImageCache.m */ = {isa = PBXFileReference; fileEncoding = 4; lastKnownFileType = sourcecode.c.objc; path = AKOImageCache.m; sourceTree = "<group>"; };
		3A6D8D1311064CD80089F21D /* UIImage+AKOLoadingExtension.h */ = {isa = PBXFileReference; fileEncoding = 4; lastKnownFileType = sourcecode.c.h; path = "UIImage+AKOLoadingExtension.h"; sourceTree = "<group>"; };
		3A6D8D1411064CD80089F21D /* UIImage+AKOLoadingExtension.m */ = {isa = PBXFileReference; fileEncoding = 4; lastKnownFileType = sourcecode.c.objc; path = "UIImage+AKOLoadingExtension.m"; sourceTree = "<group>"; };
		3A6D8D1611064CD80089F21D /* AKOImageView.h */ = {isa = PBXFileReference; fileEncoding = 4; lastKnownFileType = sourcecode.c.h; path = AKOImageView.h; sourceTree = "<group>"; };
		3A6D8D1711064CD80089F21D /* AKOImageView.m */ = {isa = PBXFileReference; fileEncoding = 4; lastKnownFileType = sourcecode.c.objc; path = AKOImageView.m; sourceTree = "<group>"; };
		3A6D8D1811064CD80089F21D /* AKOImageViewDelegate.h */ = {isa = PBXFileReference; fileEncoding = 4; lastKnownFileType = sourcecode.c.h; path = AKOImageViewDelegate.h; sourceTree = "<group>"; };
		3A6D8D1911064CD80089F21D /* NSURL+AKOCacheKey.h */ = {isa = PBXFileReference; fileEncoding = 4; lastKnownFileType = sourcecode.c.h; path = "NSURL+AKOCacheKey.h"; sourceTree = "<group>"; };
		3A6D8D1A11064CD80089F21D /* NSURL+AKOCacheKey.m */ = {isa = PBXFileReference; fileEncoding = 4; lastKnownFileType = sourcecode.c.objc; path = "NSURL+AKOCacheKey.m"; sourceTree = "<group>"; };
		3A6D8D2111064D060089F21D /* CFNetwork.framework */ = {isa = PBXFileReference; lastKnownFileType = wrapper.framework; name = CFNetwork.framework; path = System/Library/Frameworks/CFNetwork.framework; sourceTree = SDKROOT; };
		3A6D8D2311064D060089F21D /* SystemConfiguration.framework */ = {isa = PBXFileReference; lastKnownFileType = wrapper.framework; name = SystemConfiguration.framework; path = System/Library/Frameworks/SystemConfiguration.framework; sourceTree = SDKROOT; };
		3A6D8D2511064D060089F21D /* libz.1.2.3.dylib */ = {isa = PBXFileReference; lastKnownFileType = "compiled.mach-o.dylib"; name = libz.1.2.3.dylib; path = usr/lib/libz.1.2.3.dylib; sourceTree = SDKROOT; };
		3A6D8D3811064DF20089F21D /* SBListController.h */ = {isa = PBXFileReference; fileEncoding = 4; lastKnownFileType = sourcecode.c.h; path = SBListController.h; sourceTree = "<group>"; };
		3A6D8D3911064DF20089F21D /* SBListController.m */ = {isa = PBXFileReference; fileEncoding = 4; lastKnownFileType = sourcecode.c.objc; path = SBListController.m; sourceTree = "<group>"; };
		3A6D8D691106573B0089F21D /* Definitions.h */ = {isa = PBXFileReference; fileEncoding = 4; lastKnownFileType = sourcecode.c.h; path = Definitions.h; sourceTree = "<group>"; };
		3A708B411108427500CB2D83 /* SBComment.h */ = {isa = PBXFileReference; fileEncoding = 4; lastKnownFileType = sourcecode.c.h; path = SBComment.h; sourceTree = "<group>"; };
		3A708B421108427500CB2D83 /* SBComment.m */ = {isa = PBXFileReference; fileEncoding = 4; lastKnownFileType = sourcecode.c.objc; path = SBComment.m; sourceTree = "<group>"; };
		3A7700E1115960E000BCF25B /* fr */ = {isa = PBXFileReference; lastKnownFileType = file.xib; name = fr; path = fr.lproj/MainWindow.xib; sourceTree = "<group>"; };
		3A7700E4115961C800BCF25B /* fr */ = {isa = PBXFileReference; lastKnownFileType = text.plist.xml; name = fr; path = fr.lproj/TaskBuckets.plist; sourceTree = "<group>"; };
		3A7700E51159620400BCF25B /* fr */ = {isa = PBXFileReference; lastKnownFileType = text.plist.xml; name = fr; path = fr.lproj/TaskCategories.plist; sourceTree = "<group>"; };
		3A82A8801121C679009FF035 /* Senbei-Info.plist */ = {isa = PBXFileReference; fileEncoding = 4; lastKnownFileType = text.plist.xml; path = "Senbei-Info.plist"; sourceTree = SOURCE_ROOT; };
		3A82A8821121C694009FF035 /* Senbei_Prefix.pch */ = {isa = PBXFileReference; fileEncoding = 4; lastKnownFileType = sourcecode.c.h; path = Senbei_Prefix.pch; sourceTree = "<group>"; };
		3A8C38801119D8E1006669BE /* AddressBook.framework */ = {isa = PBXFileReference; lastKnownFileType = wrapper.framework; name = AddressBook.framework; path = System/Library/Frameworks/AddressBook.framework; sourceTree = SDKROOT; };
		3A8C38821119D8E1006669BE /* AddressBookUI.framework */ = {isa = PBXFileReference; lastKnownFileType = wrapper.framework; name = AddressBookUI.framework; path = System/Library/Frameworks/AddressBookUI.framework; sourceTree = SDKROOT; };
		3A92BDDA112FDB6F001B43FE /* SBRootController.h */ = {isa = PBXFileReference; fileEncoding = 4; lastKnownFileType = sourcecode.c.h; path = SBRootController.h; sourceTree = "<group>"; };
		3A92BDDB112FDB6F001B43FE /* SBRootController.m */ = {isa = PBXFileReference; fileEncoding = 4; lastKnownFileType = sourcecode.c.objc; path = SBRootController.m; sourceTree = "<group>"; };
		3A9565BE1119E439003BF4D6 /* MessageUI.framework */ = {isa = PBXFileReference; lastKnownFileType = wrapper.framework; name = MessageUI.framework; path = System/Library/Frameworks/MessageUI.framework; sourceTree = SDKROOT; };
		3AAA464E11592811002362C1 /* es */ = {isa = PBXFileReference; lastKnownFileType = text.plist.xml; name = es; path = es.lproj/TaskBuckets.plist; sourceTree = "<group>"; };
		3AAA464F1159284B002362C1 /* es */ = {isa = PBXFileReference; lastKnownFileType = text.plist.xml; name = es; path = es.lproj/TaskCategories.plist; sourceTree = "<group>"; };
		3AB721F811085642001F861D /* AKOEditorrific.h */ = {isa = PBXFileReference; fileEncoding = 4; lastKnownFileType = sourcecode.c.h; path = AKOEditorrific.h; sourceTree = "<group>"; };
		3AB721F911085642001F861D /* AKOEditorrific.m */ = {isa = PBXFileReference; fileEncoding = 4; lastKnownFileType = sourcecode.c.objc; path = AKOEditorrific.m; sourceTree = "<group>"; };
		3AB721FA11085642001F861D /* AKOEditorrificDelegate.h */ = {isa = PBXFileReference; fileEncoding = 4; lastKnownFileType = sourcecode.c.h; path = AKOEditorrificDelegate.h; sourceTree = "<group>"; };
		3AB7220011085699001F861D /* ako-editorrific-bar.png */ = {isa = PBXFileReference; lastKnownFileType = image.png; path = "ako-editorrific-bar.png"; sourceTree = "<group>"; };
		3AB72318110868BB001F861D /* SBUser.h */ = {isa = PBXFileReference; fileEncoding = 4; lastKnownFileType = sourcecode.c.h; path = SBUser.h; sourceTree = "<group>"; };
		3AB72319110868BB001F861D /* SBUser.m */ = {isa = PBXFileReference; fileEncoding = 4; lastKnownFileType = sourcecode.c.objc; path = SBUser.m; sourceTree = "<group>"; };
		3AB7231E1108695A001F861D /* Icon.png */ = {isa = PBXFileReference; lastKnownFileType = image.png; path = Icon.png; sourceTree = "<group>"; };
		3AB723A411087569001F861D /* Default.png */ = {isa = PBXFileReference; lastKnownFileType = image.png; path = Default.png; sourceTree = "<group>"; };
		3AB723CE11087A80001F861D /* accounts.png */ = {isa = PBXFileReference; lastKnownFileType = image.png; path = accounts.png; sourceTree = "<group>"; };
		3AB723CF11087A80001F861D /* campaigns.png */ = {isa = PBXFileReference; lastKnownFileType = image.png; path = campaigns.png; sourceTree = "<group>"; };
		3AB723D011087A80001F861D /* contacts.png */ = {isa = PBXFileReference; lastKnownFileType = image.png; path = contacts.png; sourceTree = "<group>"; };
		3AB723D111087A80001F861D /* leads.png */ = {isa = PBXFileReference; lastKnownFileType = image.png; path = leads.png; sourceTree = "<group>"; };
		3AB723D211087A80001F861D /* opportunities.png */ = {isa = PBXFileReference; lastKnownFileType = image.png; path = opportunities.png; sourceTree = "<group>"; };
		3AB723D311087A80001F861D /* settings.png */ = {isa = PBXFileReference; lastKnownFileType = image.png; path = settings.png; sourceTree = "<group>"; };
		3AB723D411087A80001F861D /* tasks.png */ = {isa = PBXFileReference; lastKnownFileType = image.png; path = tasks.png; sourceTree = "<group>"; };
		3ACED3FC1428700C003C65B1 /* Entitlements.entitlements */ = {isa = PBXFileReference; fileEncoding = 4; lastKnownFileType = text.xml; path = Entitlements.entitlements; sourceTree = "<group>"; };
		3ACED40B142871FE003C65B1 /* SBHelpers.h */ = {isa = PBXFileReference; fileEncoding = 4; lastKnownFileType = sourcecode.c.h; path = SBHelpers.h; sourceTree = "<group>"; };
		3AE1CC38112941C500F50018 /* SBListTableViewCell.h */ = {isa = PBXFileReference; fileEncoding = 4; lastKnownFileType = sourcecode.c.h; path = SBListTableViewCell.h; sourceTree = "<group>"; };
		3AE1CC39112941C500F50018 /* SBListTableViewCell.m */ = {isa = PBXFileReference; fileEncoding = 4; lastKnownFileType = sourcecode.c.objc; path = SBListTableViewCell.m; sourceTree = "<group>"; };
		3AE1CCEE11294F5500F50018 /* NSString+Senbei.h */ = {isa = PBXFileReference; fileEncoding = 4; lastKnownFileType = sourcecode.c.h; path = "NSString+Senbei.h"; sourceTree = "<group>"; };
		3AE1CCEF11294F5500F50018 /* NSString+Senbei.m */ = {isa = PBXFileReference; fileEncoding = 4; lastKnownFileType = sourcecode.c.objc; path = "NSString+Senbei.m"; sourceTree = "<group>"; };
/* End PBXFileReference section */

/* Begin PBXFrameworksBuildPhase section */
		1D60588F0D05DD3D006BFB54 /* Frameworks */ = {
			isa = PBXFrameworksBuildPhase;
			buildActionMask = 2147483647;
			files = (
				1D60589F0D05DD5A006BFB54 /* Foundation.framework in Frameworks */,
				1DF5F4E00D08C38300B7A737 /* UIKit.framework in Frameworks */,
				288765FD0DF74451002DB57D /* CoreGraphics.framework in Frameworks */,
				3A6D8D2211064D060089F21D /* CFNetwork.framework in Frameworks */,
				3A6D8D2411064D060089F21D /* SystemConfiguration.framework in Frameworks */,
				3A6D8D2611064D060089F21D /* libz.1.2.3.dylib in Frameworks */,
				3A8C38811119D8E1006669BE /* AddressBook.framework in Frameworks */,
				3A8C38831119D8E1006669BE /* AddressBookUI.framework in Frameworks */,
				3A9565BF1119E439003BF4D6 /* MessageUI.framework in Frameworks */,
				3A006DE411F99DC000534055 /* MobileCoreServices.framework in Frameworks */,
			);
			runOnlyForDeploymentPostprocessing = 0;
		};
/* End PBXFrameworksBuildPhase section */

/* Begin PBXGroup section */
		19C28FACFE9D520D11CA2CBB /* Products */ = {
			isa = PBXGroup;
			children = (
				1D6058910D05DD3D006BFB54 /* Senbei.app */,
			);
			name = Products;
			sourceTree = "<group>";
		};
		29B97314FDCFA39411CA2CEA /* CustomTemplate */ = {
			isa = PBXGroup;
			children = (
				3A6D8CE211064B420089F21D /* README.textile */,
				3A6D8CE311064B4B0089F21D /* LICENSE */,
				3A6D8CD011064A4B0089F21D /* Classes */,
				3A6D8CD711064A820089F21D /* Externals */,
				3A6D8CD811064A900089F21D /* Resources */,
				29B97315FDCFA39411CA2CEA /* Other Sources */,
				29B97323FDCFA39411CA2CEA /* Frameworks */,
				19C28FACFE9D520D11CA2CBB /* Products */,
			);
			name = CustomTemplate;
			sourceTree = "<group>";
		};
		29B97315FDCFA39411CA2CEA /* Other Sources */ = {
			isa = PBXGroup;
			children = (
				3A82A8821121C694009FF035 /* Senbei_Prefix.pch */,
				29B97316FDCFA39411CA2CEA /* main.m */,
				3A6D8D691106573B0089F21D /* Definitions.h */,
			);
			name = "Other Sources";
			sourceTree = "<group>";
		};
		29B97323FDCFA39411CA2CEA /* Frameworks */ = {
			isa = PBXGroup;
			children = (
				3A006DE311F99DC000534055 /* MobileCoreServices.framework */,
				3A9565BE1119E439003BF4D6 /* MessageUI.framework */,
				3A8C38801119D8E1006669BE /* AddressBook.framework */,
				3A8C38821119D8E1006669BE /* AddressBookUI.framework */,
				3A6D8D2111064D060089F21D /* CFNetwork.framework */,
				3A6D8D2311064D060089F21D /* SystemConfiguration.framework */,
				3A6D8D2511064D060089F21D /* libz.1.2.3.dylib */,
				1DF5F4DF0D08C38300B7A737 /* UIKit.framework */,
				1D30AB110D05D00D00671497 /* Foundation.framework */,
				288765FC0DF74451002DB57D /* CoreGraphics.framework */,
			);
			name = Frameworks;
			sourceTree = "<group>";
		};
		3A006D9911F99A1000534055 /* InAppSettingsKit */ = {
			isa = PBXGroup;
			children = (
				3A006D9A11F99A1000534055 /* Controllers */,
				3A006D9F11F99A1000534055 /* Models */,
				3A006DA411F99A1000534055 /* Views */,
				3A006DB311F99A1000534055 /* Xibs */,
			);
			path = InAppSettingsKit;
			sourceTree = "<group>";
		};
		3A006D9A11F99A1000534055 /* Controllers */ = {
			isa = PBXGroup;
			children = (
				3A006D9B11F99A1000534055 /* IASKAppSettingsViewController.h */,
				3A006D9C11F99A1000534055 /* IASKAppSettingsViewController.m */,
				3A006D9D11F99A1000534055 /* IASKSpecifierValuesViewController.h */,
				3A006D9E11F99A1000534055 /* IASKSpecifierValuesViewController.m */,
			);
			path = Controllers;
			sourceTree = "<group>";
		};
		3A006D9F11F99A1000534055 /* Models */ = {
			isa = PBXGroup;
			children = (
				3A006DA011F99A1000534055 /* IASKSettingsReader.h */,
				3A006DA111F99A1000534055 /* IASKSettingsReader.m */,
				3A006DA211F99A1000534055 /* IASKSpecifier.h */,
				3A006DA311F99A1000534055 /* IASKSpecifier.m */,
			);
			path = Models;
			sourceTree = "<group>";
		};
		3A006DA411F99A1000534055 /* Views */ = {
			isa = PBXGroup;
			children = (
				3A006DA511F99A1000534055 /* IASKPSSliderSpecifierViewCell.h */,
				3A006DA611F99A1000534055 /* IASKPSSliderSpecifierViewCell.m */,
				3A006DA711F99A1000534055 /* IASKPSTextFieldSpecifierViewCell.h */,
				3A006DA811F99A1000534055 /* IASKPSTextFieldSpecifierViewCell.m */,
				3A006DA911F99A1000534055 /* IASKPSTitleValueSpecifierViewCell.h */,
				3A006DAA11F99A1000534055 /* IASKPSTitleValueSpecifierViewCell.m */,
				3A006DAB11F99A1000534055 /* IASKPSToggleSwitchSpecifierViewCell.h */,
				3A006DAC11F99A1000534055 /* IASKPSToggleSwitchSpecifierViewCell.m */,
				3A006DAD11F99A1000534055 /* IASKSlider.h */,
				3A006DAE11F99A1000534055 /* IASKSlider.m */,
				3A006DAF11F99A1000534055 /* IASKSwitch.h */,
				3A006DB011F99A1000534055 /* IASKSwitch.m */,
				3A006DB111F99A1000534055 /* IASKTextField.h */,
				3A006DB211F99A1000534055 /* IASKTextField.m */,
			);
			path = Views;
			sourceTree = "<group>";
		};
		3A006DB311F99A1000534055 /* Xibs */ = {
			isa = PBXGroup;
			children = (
				3A006DB411F99A1000534055 /* IASKAppSettingsView.xib */,
				3A006DB511F99A1000534055 /* IASKPSSliderSpecifierViewCell.xib */,
				3A006DB611F99A1000534055 /* IASKPSTextFieldSpecifierViewCell.xib */,
				3A006DB711F99A1000534055 /* IASKPSToggleSwitchSpecifierViewCell.xib */,
				3A006DB811F99A1000534055 /* IASKSpecifierValuesView.xib */,
			);
			path = Xibs;
			sourceTree = "<group>";
		};
		3A0B52FB11147B88005A26FD /* Data */ = {
			isa = PBXGroup;
			children = (
				3A564E841147E1FE009A7435 /* TaskBuckets.plist */,
				3A564E861147E208009A7435 /* TaskCategories.plist */,
				3A1104A2111DEF4500729EB6 /* DemoLogins.plist */,
			);
			path = Data;
			sourceTree = "<group>";
		};
		3A23F551142892F900894EA2 /* SBNetworkManager */ = {
			isa = PBXGroup;
			children = (
				3A23F552142892F900894EA2 /* SBNetworkManager.h */,
				3A23F553142892F900894EA2 /* SBNetworkManager.m */,
				3A23F5551428932B00894EA2 /* Requests */,
			);
			path = SBNetworkManager;
			sourceTree = "<group>";
		};
		3A23F5551428932B00894EA2 /* Requests */ = {
			isa = PBXGroup;
			children = (
				3A23F55C142894E600894EA2 /* SBRequests.h */,
				3A23F5561428934200894EA2 /* SBBaseRequest.h */,
				3A23F5571428934200894EA2 /* SBBaseRequest.m */,
				3A23F5791428AEE600894EA2 /* SBBaseFormDataRequest.h */,
				3A23F57A1428AEE700894EA2 /* SBBaseFormDataRequest.m */,
				3A23F5591428948B00894EA2 /* SBLoginRequest.h */,
				3A23F55A1428948B00894EA2 /* SBLoginRequest.m */,
				3A23F55D1428988900894EA2 /* SBListRequest.h */,
				3A23F55E1428988A00894EA2 /* SBListRequest.m */,
				3A23F560142899E200894EA2 /* SBSearchRequest.h */,
				3A23F561142899E200894EA2 /* SBSearchRequest.m */,
				3A23F56614289FCB00894EA2 /* SBCommentsRequest.h */,
				3A23F56714289FCB00894EA2 /* SBCommentsRequest.m */,
				3A23F5691428A33500894EA2 /* SBTasksRequest.h */,
				3A23F56A1428A33600894EA2 /* SBTasksRequest.m */,
				3A23F56C1428A69F00894EA2 /* SBPostCommentRequest.h */,
				3A23F56D1428A6A000894EA2 /* SBPostCommentRequest.m */,
				3A23F56F1428A8B700894EA2 /* SBMarkTaskAsDoneRequest.h */,
				3A23F5701428A8B700894EA2 /* SBMarkTaskAsDoneRequest.m */,
				3A23F5721428A9E300894EA2 /* SBCreateTaskRequest.h */,
				3A23F5731428A9E500894EA2 /* SBCreateTaskRequest.m */,
			);
			path = Requests;
			sourceTree = "<group>";
		};
		3A29C08B11075E5400D887F1 /* Models */ = {
			isa = PBXGroup;
			children = (
				3A23F54F1428813E00894EA2 /* SBModels.h */,
				3A29C0911107600500D887F1 /* SBBaseEntity.h */,
				3A29C0921107600500D887F1 /* SBBaseEntity.m */,
				3A29C08C11075E6100D887F1 /* SBCompanyAccount.h */,
				3A29C08D11075E6100D887F1 /* SBCompanyAccount.m */,
				3A29C4511107A8A300D887F1 /* SBOpportunity.h */,
				3A29C4521107A8A300D887F1 /* SBOpportunity.m */,
				3A29C4E71107B3BF00D887F1 /* SBContact.h */,
				3A29C4E81107B3BF00D887F1 /* SBContact.m */,
				3A708B411108427500CB2D83 /* SBComment.h */,
				3A708B421108427500CB2D83 /* SBComment.m */,
				3AB72318110868BB001F861D /* SBUser.h */,
				3AB72319110868BB001F861D /* SBUser.m */,
				3A2B965C11088AC1000373A5 /* SBCampaign.h */,
				3A2B965D11088AC1000373A5 /* SBCampaign.m */,
				3A2B966011088C26000373A5 /* SBLead.h */,
				3A2B966111088C26000373A5 /* SBLead.m */,
				3A2B966511088C3D000373A5 /* SBTask.h */,
				3A2B966611088C3D000373A5 /* SBTask.m */,
			);
			path = Models;
			sourceTree = "<group>";
		};
		3A5C53FD115781D500620375 /* TBXML */ = {
			isa = PBXGroup;
			children = (
				3A5C53FE115781D500620375 /* NSDataAdditions.h */,
				3A5C53FF115781D500620375 /* NSDataAdditions.m */,
				3A5C5400115781D500620375 /* TBXML.h */,
				3A5C5401115781D500620375 /* TBXML.m */,
			);
			path = TBXML;
			sourceTree = "<group>";
		};
		3A5C54B11157A61500620375 /* Google Toolbox for Mac */ = {
			isa = PBXGroup;
			children = (
				3A5C54B21157A61500620375 /* GTMDefines.h */,
				3A5C54B31157A61500620375 /* GTMNSString+HTML.h */,
				3A5C54B41157A61500620375 /* GTMNSString+HTML.m */,
			);
			path = "Google Toolbox for Mac";
			sourceTree = "<group>";
		};
		3A6D8CD011064A4B0089F21D /* Classes */ = {
			isa = PBXGroup;
			children = (
				3A6D8CD111064A4B0089F21D /* AppDelegate */,
				3A6D8CD411064A4B0089F21D /* Controllers */,
				3AE1CC371129419E00F50018 /* Views */,
				3A29C08B11075E5400D887F1 /* Models */,
				3A6D8CD511064A4B0089F21D /* Helpers */,
			);
			path = Classes;
			sourceTree = "<group>";
		};
		3A6D8CD111064A4B0089F21D /* AppDelegate */ = {
			isa = PBXGroup;
			children = (
				3A3E6A2C1121C73300F3D322 /* SBAppDelegate.h */,
				3A3E6A2D1121C73300F3D322 /* SBAppDelegate.m */,
			);
			path = AppDelegate;
			sourceTree = "<group>";
		};
		3A6D8CD411064A4B0089F21D /* Controllers */ = {
			isa = PBXGroup;
			children = (
				3A92BDDA112FDB6F001B43FE /* SBRootController.h */,
				3A92BDDB112FDB6F001B43FE /* SBRootController.m */,
				3A6D8D3811064DF20089F21D /* SBListController.h */,
				3A6D8D3911064DF20089F21D /* SBListController.m */,
				3A29C35C110794BA00D887F1 /* SBListControllerDelegate.h */,
				3A29C3FC1107A34E00D887F1 /* SBTasksController.h */,
				3A29C3FD1107A34E00D887F1 /* SBTasksController.m */,
				3A0B525911146D87005A26FD /* SBNewTaskController.h */,
				3A0B525A11146D87005A26FD /* SBNewTaskController.m */,
				3A29C08811075E2B00D887F1 /* SBCommentsController.h */,
				3A29C08911075E2B00D887F1 /* SBCommentsController.m */,
				3A29C3361107922300D887F1 /* SBSettingsController.h */,
				3A29C3371107922300D887F1 /* SBSettingsController.m */,
				3A6C62771119EA07000DD23B /* SBWebBrowserController.h */,
				3A6C62781119EA07000DD23B /* SBWebBrowserController.m */,
			);
			path = Controllers;
			sourceTree = "<group>";
		};
		3A6D8CD511064A4B0089F21D /* Helpers */ = {
			isa = PBXGroup;
			children = (
				3ACED40B142871FE003C65B1 /* SBHelpers.h */,
				3A23F551142892F900894EA2 /* SBNetworkManager */,
				3A3E6A291121C6F700F3D322 /* NSDate+Senbei.h */,
				3A3E6A2A1121C6F700F3D322 /* NSDate+Senbei.m */,
				3AE1CCEE11294F5500F50018 /* NSString+Senbei.h */,
				3AE1CCEF11294F5500F50018 /* NSString+Senbei.m */,
				3A006CE311F9880200534055 /* SBSettingsManager.h */,
				3A006CE411F9880200534055 /* SBSettingsManager.m */,
				3A23F56314289B4300894EA2 /* SBNotifications.h */,
				3A23F56414289B4300894EA2 /* SBNotifications.m */,
				3A23F57C1428AF9400894EA2 /* ASIHTTPRequest+Senbei.h */,
				3A23F57D1428AF9500894EA2 /* ASIHTTPRequest+Senbei.m */,
			);
			path = Helpers;
			sourceTree = "<group>";
		};
		3A6D8CD711064A820089F21D /* Externals */ = {
			isa = PBXGroup;
			children = (
				3A23F5501428896800894EA2 /* SBExternals.h */,
				3A5C54B11157A61500620375 /* Google Toolbox for Mac */,
				3A5C53FD115781D500620375 /* TBXML */,
				3AB721F711085642001F861D /* AKOEditorrific */,
				3A6D8D1011064CD80089F21D /* AKOImageCache */,
				3A6D8D1511064CD80089F21D /* AKOImageView */,
				3A6D8CEE11064C8E0089F21D /* ASIHTTPRequest */,
				3A006D9911F99A1000534055 /* InAppSettingsKit */,
				3A6D8D0111064C8F0089F21D /* Reachability */,
				3A6D8D0411064C8F0089F21D /* SynthesizeSingleton */,
			);
			path = Externals;
			sourceTree = "<group>";
		};
		3A6D8CD811064A900089F21D /* Resources */ = {
			isa = PBXGroup;
			children = (
				3A82A8801121C679009FF035 /* Senbei-Info.plist */,
				3A0B52FB11147B88005A26FD /* Data */,
				3A6D8CD911064A900089F21D /* Images */,
				3A6D8D4511064ED70089F21D /* Strings */,
				3A6D8CDA11064A900089F21D /* NIBs */,
				3A29C2BA11078D9500D887F1 /* Settings.bundle */,
				3ACED3FC1428700C003C65B1 /* Entitlements.entitlements */,
			);
			path = Resources;
			sourceTree = "<group>";
		};
		3A6D8CD911064A900089F21D /* Images */ = {
			isa = PBXGroup;
			children = (
				3AB7231E1108695A001F861D /* Icon.png */,
				3AB723A411087569001F861D /* Default.png */,
				3AB723CD11087A80001F861D /* Icons */,
				3AB721FF11085699001F861D /* AKOEditorrific */,
			);
			path = Images;
			sourceTree = "<group>";
		};
		3A6D8CDA11064A900089F21D /* NIBs */ = {
			isa = PBXGroup;
			children = (
				3A6D8D4311064E880089F21D /* MainWindow.xib */,
				3A6C627C1119EA29000DD23B /* SBWebBrowserController.xib */,
			);
			path = NIBs;
			sourceTree = "<group>";
		};
		3A6D8CEE11064C8E0089F21D /* ASIHTTPRequest */ = {
			isa = PBXGroup;
			children = (
				3A006DD811F99D5D00534055 /* ASICacheDelegate.h */,
				3A006DD511F99D5100534055 /* ASIProgressDelegate.h */,
				3A006DD211F99D4900534055 /* ASIHTTPRequestDelegate.h */,
				3A006DCF11F99D3A00534055 /* ASIHTTPRequestConfig.h */,
				3A6D8CEF11064C8E0089F21D /* ASIAuthenticationDialog.h */,
				3A6D8CF011064C8F0089F21D /* ASIAuthenticationDialog.m */,
				3A6D8CF111064C8F0089F21D /* ASIFormDataRequest.h */,
				3A6D8CF211064C8F0089F21D /* ASIFormDataRequest.m */,
				3A6D8CF311064C8F0089F21D /* ASIHTTPRequest.h */,
				3A6D8CF411064C8F0089F21D /* ASIHTTPRequest.m */,
				3A6D8CF511064C8F0089F21D /* ASIInputStream.h */,
				3A6D8CF611064C8F0089F21D /* ASIInputStream.m */,
				3A6D8CF711064C8F0089F21D /* ASINetworkQueue.h */,
				3A6D8CF811064C8F0089F21D /* ASINetworkQueue.m */,
				3A6D8CF911064C8F0089F21D /* ASINSStringAdditions.h */,
				3A6D8CFA11064C8F0089F21D /* ASINSStringAdditions.m */,
			);
			path = ASIHTTPRequest;
			sourceTree = "<group>";
		};
		3A6D8D0111064C8F0089F21D /* Reachability */ = {
			isa = PBXGroup;
			children = (
				3A6D8D0211064C8F0089F21D /* Reachability.h */,
				3A6D8D0311064C8F0089F21D /* Reachability.m */,
			);
			path = Reachability;
			sourceTree = "<group>";
		};
		3A6D8D0411064C8F0089F21D /* SynthesizeSingleton */ = {
			isa = PBXGroup;
			children = (
				3A6D8D0511064C8F0089F21D /* SynthesizeSingleton.h */,
			);
			path = SynthesizeSingleton;
			sourceTree = "<group>";
		};
		3A6D8D1011064CD80089F21D /* AKOImageCache */ = {
			isa = PBXGroup;
			children = (
				3A6D8D1111064CD80089F21D /* AKOImageCache.h */,
				3A6D8D1211064CD80089F21D /* AKOImageCache.m */,
				3A6D8D1311064CD80089F21D /* UIImage+AKOLoadingExtension.h */,
				3A6D8D1411064CD80089F21D /* UIImage+AKOLoadingExtension.m */,
			);
			path = AKOImageCache;
			sourceTree = "<group>";
		};
		3A6D8D1511064CD80089F21D /* AKOImageView */ = {
			isa = PBXGroup;
			children = (
				3A6D8D1611064CD80089F21D /* AKOImageView.h */,
				3A6D8D1711064CD80089F21D /* AKOImageView.m */,
				3A6D8D1811064CD80089F21D /* AKOImageViewDelegate.h */,
				3A6D8D1911064CD80089F21D /* NSURL+AKOCacheKey.h */,
				3A6D8D1A11064CD80089F21D /* NSURL+AKOCacheKey.m */,
			);
			path = AKOImageView;
			sourceTree = "<group>";
		};
		3A6D8D4511064ED70089F21D /* Strings */ = {
			isa = PBXGroup;
			children = (
				3A1F518D1122029C0081580E /* Localizable.strings */,
			);
			path = Strings;
			sourceTree = "<group>";
		};
		3AB721F711085642001F861D /* AKOEditorrific */ = {
			isa = PBXGroup;
			children = (
				3AB721F811085642001F861D /* AKOEditorrific.h */,
				3AB721F911085642001F861D /* AKOEditorrific.m */,
				3AB721FA11085642001F861D /* AKOEditorrificDelegate.h */,
			);
			path = AKOEditorrific;
			sourceTree = "<group>";
		};
		3AB721FF11085699001F861D /* AKOEditorrific */ = {
			isa = PBXGroup;
			children = (
				3AB7220011085699001F861D /* ako-editorrific-bar.png */,
			);
			path = AKOEditorrific;
			sourceTree = "<group>";
		};
		3AB723CD11087A80001F861D /* Icons */ = {
			isa = PBXGroup;
			children = (
				3AB723CE11087A80001F861D /* accounts.png */,
				3AB723CF11087A80001F861D /* campaigns.png */,
				3AB723D011087A80001F861D /* contacts.png */,
				3AB723D111087A80001F861D /* leads.png */,
				3AB723D211087A80001F861D /* opportunities.png */,
				3AB723D311087A80001F861D /* settings.png */,
				3AB723D411087A80001F861D /* tasks.png */,
			);
			path = Icons;
			sourceTree = "<group>";
		};
		3AE1CC371129419E00F50018 /* Views */ = {
			isa = PBXGroup;
			children = (
				3AE1CC38112941C500F50018 /* SBListTableViewCell.h */,
				3AE1CC39112941C500F50018 /* SBListTableViewCell.m */,
			);
			path = Views;
			sourceTree = "<group>";
		};
/* End PBXGroup section */

/* Begin PBXNativeTarget section */
		1D6058900D05DD3D006BFB54 /* Senbei */ = {
			isa = PBXNativeTarget;
			buildConfigurationList = 1D6058960D05DD3E006BFB54 /* Build configuration list for PBXNativeTarget "Senbei" */;
			buildPhases = (
				1D60588D0D05DD3D006BFB54 /* Resources */,
				1D60588E0D05DD3D006BFB54 /* Sources */,
				1D60588F0D05DD3D006BFB54 /* Frameworks */,
			);
			buildRules = (
			);
			dependencies = (
			);
			name = Senbei;
			productName = Saccharin;
			productReference = 1D6058910D05DD3D006BFB54 /* Senbei.app */;
			productType = "com.apple.product-type.application";
		};
/* End PBXNativeTarget section */

/* Begin PBXProject section */
		29B97313FDCFA39411CA2CEA /* Project object */ = {
			isa = PBXProject;
			attributes = {
				LastUpgradeCheck = 0410;
				ORGANIZATIONNAME = "akosma software";
			};
			buildConfigurationList = C01FCF4E08A954540054247B /* Build configuration list for PBXProject "Senbei" */;
			compatibilityVersion = "Xcode 3.2";
			developmentRegion = English;
			hasScannedForEncodings = 1;
			knownRegions = (
				English,
				Japanese,
				French,
				German,
				es,
				fr,
				it,
				de,
			);
			mainGroup = 29B97314FDCFA39411CA2CEA /* CustomTemplate */;
			projectDirPath = "";
			projectRoot = "";
			targets = (
				1D6058900D05DD3D006BFB54 /* Senbei */,
			);
		};
/* End PBXProject section */

/* Begin PBXResourcesBuildPhase section */
		1D60588D0D05DD3D006BFB54 /* Resources */ = {
			isa = PBXResourcesBuildPhase;
			buildActionMask = 2147483647;
			files = (
				3A6D8D4411064E880089F21D /* MainWindow.xib in Resources */,
				3A29C2BB11078D9500D887F1 /* Settings.bundle in Resources */,
				3AB7220111085699001F861D /* ako-editorrific-bar.png in Resources */,
				3AB7231F1108695A001F861D /* Icon.png in Resources */,
				3AB723A511087569001F861D /* Default.png in Resources */,
				3AB723D511087A80001F861D /* accounts.png in Resources */,
				3AB723D611087A80001F861D /* campaigns.png in Resources */,
				3AB723D711087A80001F861D /* contacts.png in Resources */,
				3AB723D811087A80001F861D /* leads.png in Resources */,
				3AB723D911087A80001F861D /* opportunities.png in Resources */,
				3AB723DA11087A80001F861D /* settings.png in Resources */,
				3AB723DB11087A80001F861D /* tasks.png in Resources */,
				3A564E871147E208009A7435 /* TaskCategories.plist in Resources */,
				3A564E851147E1FE009A7435 /* TaskBuckets.plist in Resources */,
				3A6C627E1119EA29000DD23B /* SBWebBrowserController.xib in Resources */,
				3A1104A3111DEF4500729EB6 /* DemoLogins.plist in Resources */,
				3A1F518F1122029C0081580E /* Localizable.strings in Resources */,
				3A006DC411F99A1000534055 /* IASKAppSettingsView.xib in Resources */,
				3A006DC511F99A1000534055 /* IASKPSSliderSpecifierViewCell.xib in Resources */,
				3A006DC611F99A1000534055 /* IASKPSTextFieldSpecifierViewCell.xib in Resources */,
				3A006DC711F99A1000534055 /* IASKPSToggleSwitchSpecifierViewCell.xib in Resources */,
				3A006DC811F99A1000534055 /* IASKSpecifierValuesView.xib in Resources */,
				3ACED3FD1428700C003C65B1 /* Entitlements.entitlements in Resources */,
			);
			runOnlyForDeploymentPostprocessing = 0;
		};
/* End PBXResourcesBuildPhase section */

/* Begin PBXSourcesBuildPhase section */
		1D60588E0D05DD3D006BFB54 /* Sources */ = {
			isa = PBXSourcesBuildPhase;
			buildActionMask = 2147483647;
			files = (
				1D60589B0D05DD56006BFB54 /* main.m in Sources */,
				3A6D8D0611064C8F0089F21D /* ASIAuthenticationDialog.m in Sources */,
				3A6D8D0711064C8F0089F21D /* ASIFormDataRequest.m in Sources */,
				3A6D8D0811064C8F0089F21D /* ASIHTTPRequest.m in Sources */,
				3A6D8D0911064C8F0089F21D /* ASIInputStream.m in Sources */,
				3A6D8D0A11064C8F0089F21D /* ASINetworkQueue.m in Sources */,
				3A6D8D0B11064C8F0089F21D /* ASINSStringAdditions.m in Sources */,
				3A6D8D0F11064C8F0089F21D /* Reachability.m in Sources */,
				3A6D8D1B11064CD80089F21D /* AKOImageCache.m in Sources */,
				3A6D8D1C11064CD80089F21D /* UIImage+AKOLoadingExtension.m in Sources */,
				3A6D8D1D11064CD80089F21D /* AKOImageView.m in Sources */,
				3A6D8D1E11064CD80089F21D /* NSURL+AKOCacheKey.m in Sources */,
				3A6D8D3A11064DF20089F21D /* SBListController.m in Sources */,
				3A29C08A11075E2B00D887F1 /* SBCommentsController.m in Sources */,
				3A29C08E11075E6100D887F1 /* SBCompanyAccount.m in Sources */,
				3A29C0931107600500D887F1 /* SBBaseEntity.m in Sources */,
				3A29C3381107922300D887F1 /* SBSettingsController.m in Sources */,
				3A29C3FE1107A34E00D887F1 /* SBTasksController.m in Sources */,
				3A29C4531107A8A300D887F1 /* SBOpportunity.m in Sources */,
				3A29C4E91107B3BF00D887F1 /* SBContact.m in Sources */,
				3A708B431108427500CB2D83 /* SBComment.m in Sources */,
				3AB721FB11085642001F861D /* AKOEditorrific.m in Sources */,
				3AB7231A110868BB001F861D /* SBUser.m in Sources */,
				3A2B965E11088AC1000373A5 /* SBCampaign.m in Sources */,
				3A2B966211088C26000373A5 /* SBLead.m in Sources */,
				3A2B966711088C3D000373A5 /* SBTask.m in Sources */,
				3A0B525B11146D87005A26FD /* SBNewTaskController.m in Sources */,
				3A6C627A1119EA07000DD23B /* SBWebBrowserController.m in Sources */,
				3A3E6A2B1121C6F700F3D322 /* NSDate+Senbei.m in Sources */,
				3A3E6A2E1121C73300F3D322 /* SBAppDelegate.m in Sources */,
				3AE1CC3A112941C500F50018 /* SBListTableViewCell.m in Sources */,
				3AE1CCF011294F5500F50018 /* NSString+Senbei.m in Sources */,
				3A92BDDC112FDB6F001B43FE /* SBRootController.m in Sources */,
				3A5C5402115781D500620375 /* NSDataAdditions.m in Sources */,
				3A5C5403115781D500620375 /* TBXML.m in Sources */,
				3A5C54B51157A61500620375 /* GTMNSString+HTML.m in Sources */,
				3A006CE511F9880200534055 /* SBSettingsManager.m in Sources */,
				3A006DB911F99A1000534055 /* IASKAppSettingsViewController.m in Sources */,
				3A006DBA11F99A1000534055 /* IASKSpecifierValuesViewController.m in Sources */,
				3A006DBB11F99A1000534055 /* IASKSettingsReader.m in Sources */,
				3A006DBC11F99A1000534055 /* IASKSpecifier.m in Sources */,
				3A006DBD11F99A1000534055 /* IASKPSSliderSpecifierViewCell.m in Sources */,
				3A006DBE11F99A1000534055 /* IASKPSTextFieldSpecifierViewCell.m in Sources */,
				3A006DBF11F99A1000534055 /* IASKPSTitleValueSpecifierViewCell.m in Sources */,
				3A006DC011F99A1000534055 /* IASKPSToggleSwitchSpecifierViewCell.m in Sources */,
				3A006DC111F99A1000534055 /* IASKSlider.m in Sources */,
				3A006DC211F99A1000534055 /* IASKSwitch.m in Sources */,
				3A006DC311F99A1000534055 /* IASKTextField.m in Sources */,
				3A23F554142892F900894EA2 /* SBNetworkManager.m in Sources */,
				3A23F5581428934200894EA2 /* SBBaseRequest.m in Sources */,
				3A23F55B1428948B00894EA2 /* SBLoginRequest.m in Sources */,
				3A23F55F1428988A00894EA2 /* SBListRequest.m in Sources */,
				3A23F562142899E300894EA2 /* SBSearchRequest.m in Sources */,
				3A23F56514289B4400894EA2 /* SBNotifications.m in Sources */,
				3A23F56814289FCC00894EA2 /* SBCommentsRequest.m in Sources */,
				3A23F56B1428A33700894EA2 /* SBTasksRequest.m in Sources */,
				3A23F56E1428A6A100894EA2 /* SBPostCommentRequest.m in Sources */,
				3A23F5711428A8B900894EA2 /* SBMarkTaskAsDoneRequest.m in Sources */,
				3A23F5741428A9E700894EA2 /* SBCreateTaskRequest.m in Sources */,
				3A23F57B1428AEEA00894EA2 /* SBBaseFormDataRequest.m in Sources */,
				3A23F57E1428AF9600894EA2 /* ASIHTTPRequest+Senbei.m in Sources */,
			);
			runOnlyForDeploymentPostprocessing = 0;
		};
/* End PBXSourcesBuildPhase section */

/* Begin PBXVariantGroup section */
		3A1F518D1122029C0081580E /* Localizable.strings */ = {
			isa = PBXVariantGroup;
			children = (
				3A1F518E1122029C0081580E /* English */,
				3A564E541147DDAA009A7435 /* es */,
				3A564E551147DDAC009A7435 /* fr */,
				3A564E561147DDB4009A7435 /* it */,
				3A45743011625D3D00EFFEA5 /* de */,
			);
			name = Localizable.strings;
			sourceTree = "<group>";
		};
		3A564E841147E1FE009A7435 /* TaskBuckets.plist */ = {
			isa = PBXVariantGroup;
			children = (
				3A0B531D11147EEC005A26FD /* English */,
				3AAA464E11592811002362C1 /* es */,
				3A7700E4115961C800BCF25B /* fr */,
				3A45743111625D8D00EFFEA5 /* de */,
			);
			name = TaskBuckets.plist;
			sourceTree = "<group>";
		};
		3A564E861147E208009A7435 /* TaskCategories.plist */ = {
			isa = PBXVariantGroup;
			children = (
				3A0B52FC11147B99005A26FD /* English */,
				3AAA464F1159284B002362C1 /* es */,
				3A7700E51159620400BCF25B /* fr */,
				3A45743211625DA100EFFEA5 /* de */,
			);
			name = TaskCategories.plist;
			sourceTree = "<group>";
		};
		3A6C627C1119EA29000DD23B /* SBWebBrowserController.xib */ = {
			isa = PBXVariantGroup;
			children = (
				3A6C627D1119EA29000DD23B /* English */,
			);
			name = SBWebBrowserController.xib;
			sourceTree = "<group>";
		};
		3A6D8D4311064E880089F21D /* MainWindow.xib */ = {
			isa = PBXVariantGroup;
			children = (
				3A6D8CDB11064A900089F21D /* English */,
				3A564E661147DFB4009A7435 /* es */,
				3A7700E1115960E000BCF25B /* fr */,
				3A45743311625DF800EFFEA5 /* de */,
			);
			name = MainWindow.xib;
			sourceTree = "<group>";
		};
/* End PBXVariantGroup section */

/* Begin XCBuildConfiguration section */
		1D6058940D05DD3E006BFB54 /* Debug */ = {
			isa = XCBuildConfiguration;
			buildSettings = {
				ALWAYS_SEARCH_USER_PATHS = NO;
				CODE_SIGN_ENTITLEMENTS = "~/Desktop/akosma/_products/Senbei/Resources/Entitlements.plist";
				COPY_PHASE_STRIP = NO;
				GCC_DYNAMIC_NO_PIC = NO;
				GCC_OPTIMIZATION_LEVEL = 0;
				GCC_PRECOMPILE_PREFIX_HEADER = YES;
				GCC_PREFIX_HEADER = Senbei_Prefix.pch;
				GCC_TREAT_WARNINGS_AS_ERRORS = YES;
				GCC_VERSION = com.apple.compilers.llvmgcc42;
				HEADER_SEARCH_PATHS = /usr/include/libxml2;
				INFOPLIST_FILE = "Senbei-Info.plist";
				IPHONEOS_DEPLOYMENT_TARGET = 4.0;
				PRODUCT_NAME = Senbei;
				RUN_CLANG_STATIC_ANALYZER = YES;
			};
			name = Debug;
		};
		1D6058950D05DD3E006BFB54 /* Release */ = {
			isa = XCBuildConfiguration;
			buildSettings = {
				ALWAYS_SEARCH_USER_PATHS = NO;
				CODE_SIGN_ENTITLEMENTS = "~/Desktop/akosma/_products/Senbei/Resources/Entitlements.plist";
				COPY_PHASE_STRIP = YES;
				GCC_PRECOMPILE_PREFIX_HEADER = YES;
				GCC_PREFIX_HEADER = Senbei_Prefix.pch;
				GCC_TREAT_WARNINGS_AS_ERRORS = YES;
				GCC_VERSION = com.apple.compilers.llvmgcc42;
				HEADER_SEARCH_PATHS = /usr/include/libxml2;
				INFOPLIST_FILE = "Senbei-Info.plist";
				IPHONEOS_DEPLOYMENT_TARGET = 4.0;
				PRODUCT_NAME = Senbei;
				RUN_CLANG_STATIC_ANALYZER = YES;
			};
			name = Release;
		};
		3A35BEEE1131483D005F222C /* DistributionAppStore */ = {
			isa = XCBuildConfiguration;
			buildSettings = {
				ARCHS = "$(ARCHS_STANDARD_32_BIT)";
				"CODE_SIGN_IDENTITY[sdk=iphoneos*]" = "iPhone Developer";
				GCC_C_LANGUAGE_STANDARD = c99;
				GCC_WARN_ABOUT_RETURN_TYPE = YES;
				GCC_WARN_UNUSED_VARIABLE = YES;
				SDKROOT = iphoneos;
			};
			name = DistributionAppStore;
		};
		3A35BEEF1131483D005F222C /* DistributionAppStore */ = {
			isa = XCBuildConfiguration;
			buildSettings = {
				ALWAYS_SEARCH_USER_PATHS = NO;
				CODE_SIGN_ENTITLEMENTS = "~/Desktop/akosma/_products/Senbei/Resources/Entitlements.plist";
				"CODE_SIGN_IDENTITY[sdk=iphoneos*]" = "iPhone Distribution: Adrian Kosmaczewski";
				COPY_PHASE_STRIP = YES;
				GCC_PRECOMPILE_PREFIX_HEADER = YES;
				GCC_PREFIX_HEADER = Senbei_Prefix.pch;
				GCC_TREAT_WARNINGS_AS_ERRORS = YES;
				GCC_VERSION = com.apple.compilers.llvmgcc42;
				HEADER_SEARCH_PATHS = /usr/include/libxml2;
				INFOPLIST_FILE = "Senbei-Info.plist";
				IPHONEOS_DEPLOYMENT_TARGET = 4.0;
				PRODUCT_NAME = Senbei;
				"PROVISIONING_PROFILE[sdk=iphoneos*]" = "F0C5B9DC-5402-4075-B4B4-090CE017F3E0";
				RUN_CLANG_STATIC_ANALYZER = YES;
			};
			name = DistributionAppStore;
		};
		3A6D8CC6110649D40089F21D /* DistributionAdHoc */ = {
			isa = XCBuildConfiguration;
			buildSettings = {
				ARCHS = "$(ARCHS_STANDARD_32_BIT)";
				"CODE_SIGN_IDENTITY[sdk=iphoneos*]" = "iPhone Developer";
				GCC_C_LANGUAGE_STANDARD = c99;
				GCC_WARN_ABOUT_RETURN_TYPE = YES;
				GCC_WARN_UNUSED_VARIABLE = YES;
				SDKROOT = iphoneos;
			};
			name = DistributionAdHoc;
		};
		3A6D8CC7110649D40089F21D /* DistributionAdHoc */ = {
			isa = XCBuildConfiguration;
			buildSettings = {
				ALWAYS_SEARCH_USER_PATHS = NO;
				CODE_SIGN_ENTITLEMENTS = "~/Desktop/akosma/_products/Senbei/Resources/Entitlements.plist";
				"CODE_SIGN_IDENTITY[sdk=iphoneos*]" = "iPhone Distribution";
				COPY_PHASE_STRIP = YES;
				GCC_PRECOMPILE_PREFIX_HEADER = YES;
				GCC_PREFIX_HEADER = Senbei_Prefix.pch;
				GCC_TREAT_WARNINGS_AS_ERRORS = YES;
				GCC_VERSION = com.apple.compilers.llvmgcc42;
				HEADER_SEARCH_PATHS = /usr/include/libxml2;
				INFOPLIST_FILE = "Senbei-Info.plist";
				IPHONEOS_DEPLOYMENT_TARGET = 4.0;
				PRODUCT_NAME = Senbei;
				"PROVISIONING_PROFILE[sdk=iphoneos*]" = "";
				RUN_CLANG_STATIC_ANALYZER = YES;
			};
			name = DistributionAdHoc;
		};
		C01FCF4F08A954540054247B /* Debug */ = {
			isa = XCBuildConfiguration;
			buildSettings = {
				ARCHS = "$(ARCHS_STANDARD_32_BIT)";
				"CODE_SIGN_IDENTITY[sdk=iphoneos*]" = "iPhone Developer";
				GCC_C_LANGUAGE_STANDARD = c99;
				GCC_WARN_ABOUT_RETURN_TYPE = YES;
				GCC_WARN_UNUSED_VARIABLE = YES;
				SDKROOT = iphoneos;
			};
			name = Debug;
		};
		C01FCF5008A954540054247B /* Release */ = {
			isa = XCBuildConfiguration;
			buildSettings = {
				ARCHS = "$(ARCHS_STANDARD_32_BIT)";
				"CODE_SIGN_IDENTITY[sdk=iphoneos*]" = "iPhone Developer";
				GCC_C_LANGUAGE_STANDARD = c99;
				GCC_WARN_ABOUT_RETURN_TYPE = YES;
				GCC_WARN_UNUSED_VARIABLE = YES;
				SDKROOT = iphoneos;
			};
			name = Release;
		};
/* End XCBuildConfiguration section */

/* Begin XCConfigurationList section */
		1D6058960D05DD3E006BFB54 /* Build configuration list for PBXNativeTarget "Senbei" */ = {
			isa = XCConfigurationList;
			buildConfigurations = (
				1D6058940D05DD3E006BFB54 /* Debug */,
				1D6058950D05DD3E006BFB54 /* Release */,
				3A35BEEF1131483D005F222C /* DistributionAppStore */,
				3A6D8CC7110649D40089F21D /* DistributionAdHoc */,
			);
			defaultConfigurationIsVisible = 0;
			defaultConfigurationName = Release;
		};
		C01FCF4E08A954540054247B /* Build configuration list for PBXProject "Senbei" */ = {
			isa = XCConfigurationList;
			buildConfigurations = (
				C01FCF4F08A954540054247B /* Debug */,
				C01FCF5008A954540054247B /* Release */,
				3A35BEEE1131483D005F222C /* DistributionAppStore */,
				3A6D8CC6110649D40089F21D /* DistributionAdHoc */,
			);
			defaultConfigurationIsVisible = 0;
			defaultConfigurationName = Release;
		};
/* End XCConfigurationList section */
	};
	rootObject = 29B97313FDCFA39411CA2CEA /* Project object */;
}
